PODS:
  - BarCode (0.0.3):
    - BarCode/BarCodeFoundation (= 0.0.3)
    - BarCode/BarCodeKit (= 0.0.3)
  - BarCode/BarCodeFoundation (0.0.3):
    - BarCode/BarCodeFoundation/Core (= 0.0.3)
    - BarCode/BarCodeFoundation/EX (= 0.0.3)
  - BarCode/BarCodeFoundation/Core (0.0.3):
    - BarCode/BarCodeFoundation/Core/BarCode (= 0.0.3)
    - BarCode/BarCodeFoundation/Core/Define (= 0.0.3)
    - BarCode/BarCodeFoundation/Core/Validate (= 0.0.3)
  - BarCode/BarCodeFoundation/Core/BarCode (0.0.3):
    - BarCode/BarCodeFoundation/Core/Define
    - BarCode/BarCodeFoundation/Core/Validate
    - BarCode/BarCodeFoundation/EX
  - BarCode/BarCodeFoundation/Core/Define (0.0.3)
  - BarCode/BarCodeFoundation/Core/Validate (0.0.3):
    - BarCode/BarCodeFoundation/Core/Define
  - BarCode/BarCodeFoundation/EX (0.0.3)
  - BarCode/BarCodeKit (0.0.3):
    - BarCode/BarCodeFoundation/Core/BarCode
    - BarCode/BarCodeFoundation/Core/Define
    - BarCode/BarCodeFoundation/Core/Validate
    - BarCode/BarCodeFoundation/EX

DEPENDENCIES:
  - BarCode (from `/Users/user/Documents/Documents_SCMLYINZHIYONG/Codes/BarCode`)
  - BarCode/BarCodeFoundation (from `/Users/user/Documents/Documents_SCMLYINZHIYONG/Codes/BarCode`)

EXTERNAL SOURCES:
  BarCode:
    :path: "/Users/user/Documents/Documents_SCMLYINZHIYONG/Codes/BarCode"

SPEC CHECKSUMS:
  BarCode: 254410bcb2c5fb0356c432d18010914407e71ee5

PODFILE CHECKSUM: 26d3dafab1a48ebf0ba5fe3ebebfe64fe9028fef

COCOAPODS: 1.11.3
