// !$*UTF8*$!
{
	archiveVersion = 1;
	classes = {
	};
	objectVersion = 55;
	objects = {

/* Begin PBXBuildFile section */
		C74805DA275BAE6E00740288 /* AppDelegate.swift in Sources */ = {isa = PBXBuildFile; fileRef = C74805D9275BAE6E00740288 /* AppDelegate.swift */; };
		C74805DC275BAE6E00740288 /* SceneDelegate.swift in Sources */ = {isa = PBXBuildFile; fileRef = C74805DB275BAE6E00740288 /* SceneDelegate.swift */; };
		C74805DE275BAE6E00740288 /* ViewController.swift in Sources */ = {isa = PBXBuildFile; fileRef = C74805DD275BAE6E00740288 /* ViewController.swift */; };
		C74805E1275BAE6E00740288 /* Main.storyboard in Resources */ = {isa = PBXBuildFile; fileRef = C74805DF275BAE6E00740288 /* Main.storyboard */; };
		C74805E3275BAE7100740288 /* Assets.xcassets in Resources */ = {isa = PBXBuildFile; fileRef = C74805E2275BAE7100740288 /* Assets.xcassets */; };
		C74805E6275BAE7100740288 /* LaunchScreen.storyboard in Resources */ = {isa = PBXBuildFile; fileRef = C74805E4275BAE7100740288 /* LaunchScreen.storyboard */; };
		C74805EB275BAE9400740288 /* Luhn.swift in Sources */ = {isa = PBXBuildFile; fileRef = CEC1DCC92742661D00B6CAC4 /* Luhn.swift */; };
		C74805EC275BAE9400740288 /* BarCodeValidateRegex.swift in Sources */ = {isa = PBXBuildFile; fileRef = C79D556A2742885800B76983 /* BarCodeValidateRegex.swift */; };
		C74805ED275BAE9400740288 /* UPCAImageGenerator.swift in Sources */ = {isa = PBXBuildFile; fileRef = C7A7CF5F275BAC7B00AA4D41 /* UPCAImageGenerator.swift */; };
		C74805EE275BAE9400740288 /* UPCA.swift in Sources */ = {isa = PBXBuildFile; fileRef = C78C05B1275B49FF005DB0DE /* UPCA.swift */; };
		C74805EF275BAE9400740288 /* BarCodeGenerator.swift in Sources */ = {isa = PBXBuildFile; fileRef = C79D556E2742A6C800B76983 /* BarCodeGenerator.swift */; };
		C74805F0275BAE9400740288 /* BarCodeType.swift in Sources */ = {isa = PBXBuildFile; fileRef = CEC1DCC3274264C200B6CAC4 /* BarCodeType.swift */; };
		C74805F1275BAE9400740288 /* BarCodeProtocol.swift in Sources */ = {isa = PBXBuildFile; fileRef = C79D556C2742A68400B76983 /* BarCodeProtocol.swift */; };
		C74805F2275BAE9400740288 /* EAN.swift in Sources */ = {isa = PBXBuildFile; fileRef = CEC1DCCB2742666900B6CAC4 /* EAN.swift */; };
		C74805F3275BAE9400740288 /* UPC.swift in Sources */ = {isa = PBXBuildFile; fileRef = CEC1DCCD2742667600B6CAC4 /* UPC.swift */; };
		C74805F4275BAE9400740288 /* EAN13.swift in Sources */ = {isa = PBXBuildFile; fileRef = C78C05AD275B4962005DB0DE /* EAN13.swift */; };
		C74805F5275BAE9400740288 /* EX-String-Subscript.swift in Sources */ = {isa = PBXBuildFile; fileRef = C79D5568274286CD00B76983 /* EX-String-Subscript.swift */; };
		C74805F6275BAE9400740288 /* GS1Code.swift in Sources */ = {isa = PBXBuildFile; fileRef = C78C059627493BF8005DB0DE /* GS1Code.swift */; };
		C74805F7275BAE9400740288 /* EAN8.swift in Sources */ = {isa = PBXBuildFile; fileRef = C78C05AF275B4986005DB0DE /* EAN8.swift */; };
		C74805F8275BAE9400740288 /* BarCodeError.swift in Sources */ = {isa = PBXBuildFile; fileRef = CEC1DCC52742651100B6CAC4 /* BarCodeError.swift */; };
		C7520FA3275E46DE00798D56 /* UPCAImageGenerator.swift in Sources */ = {isa = PBXBuildFile; fileRef = C7A7CF5F275BAC7B00AA4D41 /* UPCAImageGenerator.swift */; };
		C7520FA4275E4D6600798D56 /* BarCodePathGenerator.swift in Sources */ = {isa = PBXBuildFile; fileRef = C78BFAC1275BC00D00CA7F5B /* BarCodePathGenerator.swift */; };
		C7520FA5275E4DEA00798D56 /* BarCodeError.swift in Sources */ = {isa = PBXBuildFile; fileRef = CEC1DCC52742651100B6CAC4 /* BarCodeError.swift */; };
		C7520FA6275E4DEA00798D56 /* BarCodeType.swift in Sources */ = {isa = PBXBuildFile; fileRef = CEC1DCC3274264C200B6CAC4 /* BarCodeType.swift */; };
		C7520FA7275E4DEA00798D56 /* BarCodeProtocol.swift in Sources */ = {isa = PBXBuildFile; fileRef = C79D556C2742A68400B76983 /* BarCodeProtocol.swift */; };
		C7520FA8275E4DEE00798D56 /* BarCodeGenerator.swift in Sources */ = {isa = PBXBuildFile; fileRef = C79D556E2742A6C800B76983 /* BarCodeGenerator.swift */; };
		C7520FA9275E4DF700798D56 /* EX-String-Subscript.swift in Sources */ = {isa = PBXBuildFile; fileRef = C79D5568274286CD00B76983 /* EX-String-Subscript.swift */; };
		C7520FAA275E4E0200798D56 /* Luhn.swift in Sources */ = {isa = PBXBuildFile; fileRef = CEC1DCC92742661D00B6CAC4 /* Luhn.swift */; };
		C7520FAB275E4E0200798D56 /* BarCodeValidateRegex.swift in Sources */ = {isa = PBXBuildFile; fileRef = C79D556A2742885800B76983 /* BarCodeValidateRegex.swift */; };
		C7520FAC275E4E0900798D56 /* EAN13.swift in Sources */ = {isa = PBXBuildFile; fileRef = C78C05AD275B4962005DB0DE /* EAN13.swift */; };
		C7520FAD275E4E0900798D56 /* UPC.swift in Sources */ = {isa = PBXBuildFile; fileRef = CEC1DCCD2742667600B6CAC4 /* UPC.swift */; };
		C7520FAE275E4E0900798D56 /* UPCA.swift in Sources */ = {isa = PBXBuildFile; fileRef = C78C05B1275B49FF005DB0DE /* UPCA.swift */; };
		C7520FAF275E4E0900798D56 /* EAN.swift in Sources */ = {isa = PBXBuildFile; fileRef = CEC1DCCB2742666900B6CAC4 /* EAN.swift */; };
		C7520FB0275E4E0900798D56 /* GS1Code.swift in Sources */ = {isa = PBXBuildFile; fileRef = C78C059627493BF8005DB0DE /* GS1Code.swift */; };
		C7520FB1275E4E0900798D56 /* EAN8.swift in Sources */ = {isa = PBXBuildFile; fileRef = C78C05AF275B4986005DB0DE /* EAN8.swift */; };
		C7520FB2275E4FF600798D56 /* EX-String-BezierPath.swift in Sources */ = {isa = PBXBuildFile; fileRef = C7B3DC95275D01FA00A94900 /* EX-String-BezierPath.swift */; };
		C7520FB5275E522F00798D56 /* EX-NSBezierPath-CGPath.swift in Sources */ = {isa = PBXBuildFile; fileRef = C7520FB3275E522F00798D56 /* EX-NSBezierPath-CGPath.swift */; };
		C7520FB72764C4B100798D56 /* EX-CGPath.swift in Sources */ = {isa = PBXBuildFile; fileRef = C7520FB62764C4B100798D56 /* EX-CGPath.swift */; };
		C7520FB82764C4B100798D56 /* EX-CGPath.swift in Sources */ = {isa = PBXBuildFile; fileRef = C7520FB62764C4B100798D56 /* EX-CGPath.swift */; };
		C7520FBA2764F4BD00798D56 /* EX-NSImage.swift in Sources */ = {isa = PBXBuildFile; fileRef = C7520FB92764F4BD00798D56 /* EX-NSImage.swift */; };
		C78BFAA8275BB2A100CA7F5B /* main.swift in Sources */ = {isa = PBXBuildFile; fileRef = C78BFAA7275BB2A100CA7F5B /* main.swift */; };
		C78BFAB3275BB3D600CA7F5B /* AppDelegate.swift in Sources */ = {isa = PBXBuildFile; fileRef = C78BFAB2275BB3D600CA7F5B /* AppDelegate.swift */; };
		C78BFAB5275BB3D600CA7F5B /* ViewController.swift in Sources */ = {isa = PBXBuildFile; fileRef = C78BFAB4275BB3D600CA7F5B /* ViewController.swift */; };
		C78BFAB7275BB3D700CA7F5B /* Assets.xcassets in Resources */ = {isa = PBXBuildFile; fileRef = C78BFAB6275BB3D700CA7F5B /* Assets.xcassets */; };
		C78BFABA275BB3D700CA7F5B /* Main.storyboard in Resources */ = {isa = PBXBuildFile; fileRef = C78BFAB8275BB3D700CA7F5B /* Main.storyboard */; };
		C78BFAC0275BB83700CA7F5B /* BarCodeImageView.swift in Sources */ = {isa = PBXBuildFile; fileRef = C78BFABF275BB83700CA7F5B /* BarCodeImageView.swift */; };
		C78BFAC2275BC00D00CA7F5B /* BarCodePathGenerator.swift in Sources */ = {isa = PBXBuildFile; fileRef = C78BFAC1275BC00D00CA7F5B /* BarCodePathGenerator.swift */; };
		C7B3DC96275D01FA00A94900 /* EX-String-BezierPath.swift in Sources */ = {isa = PBXBuildFile; fileRef = C7B3DC95275D01FA00A94900 /* EX-String-BezierPath.swift */; };
		C7D6C151276F24E300762CD1 /* BarCodeFont.swift in Sources */ = {isa = PBXBuildFile; fileRef = C7D6C150276F24E300762CD1 /* BarCodeFont.swift */; };
		C7D6C152276F24E300762CD1 /* BarCodeFont.swift in Sources */ = {isa = PBXBuildFile; fileRef = C7D6C150276F24E300762CD1 /* BarCodeFont.swift */; };
/* End PBXBuildFile section */

/* Begin PBXCopyFilesBuildPhase section */
		C78BFAA3275BB2A100CA7F5B /* CopyFiles */ = {
			isa = PBXCopyFilesBuildPhase;
			buildActionMask = 2147483647;
			dstPath = /usr/share/man/man1/;
			dstSubfolderSpec = 0;
			files = (
			);
			runOnlyForDeploymentPostprocessing = 1;
		};
/* End PBXCopyFilesBuildPhase section */

/* Begin PBXFileReference section */
		C74805D7275BAE6E00740288 /* BarCodeDemo-iOS.app */ = {isa = PBXFileReference; explicitFileType = wrapper.application; includeInIndex = 0; path = "BarCodeDemo-iOS.app"; sourceTree = BUILT_PRODUCTS_DIR; };
		C74805D9275BAE6E00740288 /* AppDelegate.swift */ = {isa = PBXFileReference; lastKnownFileType = sourcecode.swift; path = AppDelegate.swift; sourceTree = "<group>"; };
		C74805DB275BAE6E00740288 /* SceneDelegate.swift */ = {isa = PBXFileReference; lastKnownFileType = sourcecode.swift; path = SceneDelegate.swift; sourceTree = "<group>"; };
		C74805DD275BAE6E00740288 /* ViewController.swift */ = {isa = PBXFileReference; lastKnownFileType = sourcecode.swift; path = ViewController.swift; sourceTree = "<group>"; };
		C74805E0275BAE6E00740288 /* Base */ = {isa = PBXFileReference; lastKnownFileType = file.storyboard; name = Base; path = Base.lproj/Main.storyboard; sourceTree = "<group>"; };
		C74805E2275BAE7100740288 /* Assets.xcassets */ = {isa = PBXFileReference; lastKnownFileType = folder.assetcatalog; path = Assets.xcassets; sourceTree = "<group>"; };
		C74805E5275BAE7100740288 /* Base */ = {isa = PBXFileReference; lastKnownFileType = file.storyboard; name = Base; path = Base.lproj/LaunchScreen.storyboard; sourceTree = "<group>"; };
		C74805E7275BAE7100740288 /* Info.plist */ = {isa = PBXFileReference; lastKnownFileType = text.plist.xml; path = Info.plist; sourceTree = "<group>"; };
		C7520FB3275E522F00798D56 /* EX-NSBezierPath-CGPath.swift */ = {isa = PBXFileReference; lastKnownFileType = sourcecode.swift; path = "EX-NSBezierPath-CGPath.swift"; sourceTree = "<group>"; };
		C7520FB62764C4B100798D56 /* EX-CGPath.swift */ = {isa = PBXFileReference; lastKnownFileType = sourcecode.swift; path = "EX-CGPath.swift"; sourceTree = "<group>"; };
		C7520FB92764F4BD00798D56 /* EX-NSImage.swift */ = {isa = PBXFileReference; lastKnownFileType = sourcecode.swift; path = "EX-NSImage.swift"; sourceTree = "<group>"; };
		C78BFAA5275BB2A100CA7F5B /* BarCodeCommandLine */ = {isa = PBXFileReference; explicitFileType = "compiled.mach-o.executable"; includeInIndex = 0; path = BarCodeCommandLine; sourceTree = BUILT_PRODUCTS_DIR; };
		C78BFAA7275BB2A100CA7F5B /* main.swift */ = {isa = PBXFileReference; lastKnownFileType = sourcecode.swift; path = main.swift; sourceTree = "<group>"; };
		C78BFAB0275BB3D600CA7F5B /* BarCodeDemo-Mac.app */ = {isa = PBXFileReference; explicitFileType = wrapper.application; includeInIndex = 0; path = "BarCodeDemo-Mac.app"; sourceTree = BUILT_PRODUCTS_DIR; };
		C78BFAB2275BB3D600CA7F5B /* AppDelegate.swift */ = {isa = PBXFileReference; lastKnownFileType = sourcecode.swift; path = AppDelegate.swift; sourceTree = "<group>"; };
		C78BFAB4275BB3D600CA7F5B /* ViewController.swift */ = {isa = PBXFileReference; lastKnownFileType = sourcecode.swift; path = ViewController.swift; sourceTree = "<group>"; };
		C78BFAB6275BB3D700CA7F5B /* Assets.xcassets */ = {isa = PBXFileReference; lastKnownFileType = folder.assetcatalog; path = Assets.xcassets; sourceTree = "<group>"; };
		C78BFAB9275BB3D700CA7F5B /* Base */ = {isa = PBXFileReference; lastKnownFileType = file.storyboard; name = Base; path = Base.lproj/Main.storyboard; sourceTree = "<group>"; };
		C78BFABB275BB3D700CA7F5B /* BarCodeDemo_Mac.entitlements */ = {isa = PBXFileReference; lastKnownFileType = text.plist.entitlements; path = BarCodeDemo_Mac.entitlements; sourceTree = "<group>"; };
		C78BFABF275BB83700CA7F5B /* BarCodeImageView.swift */ = {isa = PBXFileReference; lastKnownFileType = sourcecode.swift; path = BarCodeImageView.swift; sourceTree = "<group>"; };
		C78BFAC1275BC00D00CA7F5B /* BarCodePathGenerator.swift */ = {isa = PBXFileReference; lastKnownFileType = sourcecode.swift; path = BarCodePathGenerator.swift; sourceTree = "<group>"; };
		C78C059627493BF8005DB0DE /* GS1Code.swift */ = {isa = PBXFileReference; lastKnownFileType = sourcecode.swift; path = GS1Code.swift; sourceTree = "<group>"; };
		C78C05AD275B4962005DB0DE /* EAN13.swift */ = {isa = PBXFileReference; lastKnownFileType = sourcecode.swift; path = EAN13.swift; sourceTree = "<group>"; };
		C78C05AF275B4986005DB0DE /* EAN8.swift */ = {isa = PBXFileReference; lastKnownFileType = sourcecode.swift; path = EAN8.swift; sourceTree = "<group>"; };
		C78C05B1275B49FF005DB0DE /* UPCA.swift */ = {isa = PBXFileReference; lastKnownFileType = sourcecode.swift; path = UPCA.swift; sourceTree = "<group>"; };
		C78C05B3275B4AD1005DB0DE /* UPC.md */ = {isa = PBXFileReference; lastKnownFileType = net.daringfireball.markdown; path = UPC.md; sourceTree = "<group>"; };
		C79D5568274286CD00B76983 /* EX-String-Subscript.swift */ = {isa = PBXFileReference; lastKnownFileType = sourcecode.swift; path = "EX-String-Subscript.swift"; sourceTree = "<group>"; };
		C79D556A2742885800B76983 /* BarCodeValidateRegex.swift */ = {isa = PBXFileReference; lastKnownFileType = sourcecode.swift; path = BarCodeValidateRegex.swift; sourceTree = "<group>"; };
		C79D556C2742A68400B76983 /* BarCodeProtocol.swift */ = {isa = PBXFileReference; lastKnownFileType = sourcecode.swift; path = BarCodeProtocol.swift; sourceTree = "<group>"; };
		C79D556E2742A6C800B76983 /* BarCodeGenerator.swift */ = {isa = PBXFileReference; lastKnownFileType = sourcecode.swift; path = BarCodeGenerator.swift; sourceTree = "<group>"; };
		C7A7CF5F275BAC7B00AA4D41 /* UPCAImageGenerator.swift */ = {isa = PBXFileReference; lastKnownFileType = sourcecode.swift; path = UPCAImageGenerator.swift; sourceTree = "<group>"; };
		C7B3DC95275D01FA00A94900 /* EX-String-BezierPath.swift */ = {isa = PBXFileReference; lastKnownFileType = sourcecode.swift; path = "EX-String-BezierPath.swift"; sourceTree = "<group>"; };
		C7D6C150276F24E300762CD1 /* BarCodeFont.swift */ = {isa = PBXFileReference; lastKnownFileType = sourcecode.swift; path = BarCodeFont.swift; sourceTree = "<group>"; };
		CEC1DCC3274264C200B6CAC4 /* BarCodeType.swift */ = {isa = PBXFileReference; lastKnownFileType = sourcecode.swift; path = BarCodeType.swift; sourceTree = "<group>"; };
		CEC1DCC52742651100B6CAC4 /* BarCodeError.swift */ = {isa = PBXFileReference; lastKnownFileType = sourcecode.swift; path = BarCodeError.swift; sourceTree = "<group>"; };
		CEC1DCC92742661D00B6CAC4 /* Luhn.swift */ = {isa = PBXFileReference; lastKnownFileType = sourcecode.swift; path = Luhn.swift; sourceTree = "<group>"; };
		CEC1DCCB2742666900B6CAC4 /* EAN.swift */ = {isa = PBXFileReference; lastKnownFileType = sourcecode.swift; path = EAN.swift; sourceTree = "<group>"; };
		CEC1DCCD2742667600B6CAC4 /* UPC.swift */ = {isa = PBXFileReference; lastKnownFileType = sourcecode.swift; path = UPC.swift; sourceTree = "<group>"; };
/* End PBXFileReference section */

/* Begin PBXFrameworksBuildPhase section */
		C74805D4275BAE6E00740288 /* Frameworks */ = {
			isa = PBXFrameworksBuildPhase;
			buildActionMask = 2147483647;
			files = (
			);
			runOnlyForDeploymentPostprocessing = 0;
		};
		C78BFAA2275BB2A100CA7F5B /* Frameworks */ = {
			isa = PBXFrameworksBuildPhase;
			buildActionMask = 2147483647;
			files = (
			);
			runOnlyForDeploymentPostprocessing = 0;
		};
		C78BFAAD275BB3D600CA7F5B /* Frameworks */ = {
			isa = PBXFrameworksBuildPhase;
			buildActionMask = 2147483647;
			files = (
			);
			runOnlyForDeploymentPostprocessing = 0;
		};
/* End PBXFrameworksBuildPhase section */

/* Begin PBXGroup section */
		C74805D8275BAE6E00740288 /* BarCodeDemo-iOS */ = {
			isa = PBXGroup;
			children = (
				C74805D9275BAE6E00740288 /* AppDelegate.swift */,
				C74805DB275BAE6E00740288 /* SceneDelegate.swift */,
				C74805DD275BAE6E00740288 /* ViewController.swift */,
				C74805DF275BAE6E00740288 /* Main.storyboard */,
				C74805E2275BAE7100740288 /* Assets.xcassets */,
				C74805E4275BAE7100740288 /* LaunchScreen.storyboard */,
				C74805E7275BAE7100740288 /* Info.plist */,
			);
			path = "BarCodeDemo-iOS";
			sourceTree = "<group>";
		};
		C78BFAA6275BB2A100CA7F5B /* BarCodeCommandLine */ = {
			isa = PBXGroup;
			children = (
				C78BFAA7275BB2A100CA7F5B /* main.swift */,
			);
			path = BarCodeCommandLine;
			sourceTree = "<group>";
		};
		C78BFAB1275BB3D600CA7F5B /* BarCodeDemo-Mac */ = {
			isa = PBXGroup;
			children = (
				C78BFAB2275BB3D600CA7F5B /* AppDelegate.swift */,
				C78BFAB4275BB3D600CA7F5B /* ViewController.swift */,
				C78BFAB6275BB3D700CA7F5B /* Assets.xcassets */,
				C78BFAB8275BB3D700CA7F5B /* Main.storyboard */,
				C78BFABB275BB3D700CA7F5B /* BarCodeDemo_Mac.entitlements */,
			);
			path = "BarCodeDemo-Mac";
			sourceTree = "<group>";
		};
		C78C05C7275BA70B005DB0DE /* Classes */ = {
			isa = PBXGroup;
			children = (
				C78C05C9275BA72D005DB0DE /* BarCodeKit */,
				C78C05C8275BA714005DB0DE /* BarCodeFoundation */,
			);
			path = Classes;
			sourceTree = "<group>";
		};
		C78C05C8275BA714005DB0DE /* BarCodeFoundation */ = {
			isa = PBXGroup;
			children = (
				CEC1DCB62742647700B6CAC4 /* EX */,
				CEC1DCAB2742647700B6CAC4 /* Core */,
			);
			path = BarCodeFoundation;
			sourceTree = "<group>";
		};
		C78C05C9275BA72D005DB0DE /* BarCodeKit */ = {
			isa = PBXGroup;
			children = (
				C7B3DC97275D023E00A94900 /* EX */,
				C7A7CF5F275BAC7B00AA4D41 /* UPCAImageGenerator.swift */,
				C78BFABF275BB83700CA7F5B /* BarCodeImageView.swift */,
				C78BFAC1275BC00D00CA7F5B /* BarCodePathGenerator.swift */,
				C7D6C150276F24E300762CD1 /* BarCodeFont.swift */,
			);
			path = BarCodeKit;
			sourceTree = "<group>";
		};
		C79D55702742AE0400B76983 /* Define */ = {
			isa = PBXGroup;
			children = (
				C79D556C2742A68400B76983 /* BarCodeProtocol.swift */,
				CEC1DCC3274264C200B6CAC4 /* BarCodeType.swift */,
				CEC1DCC52742651100B6CAC4 /* BarCodeError.swift */,
			);
			path = Define;
			sourceTree = "<group>";
		};
		C79D55712742AE1E00B76983 /* BarCode */ = {
			isa = PBXGroup;
			children = (
				C78C05B3275B4AD1005DB0DE /* UPC.md */,
				CEC1DCCB2742666900B6CAC4 /* EAN.swift */,
				C78C05AD275B4962005DB0DE /* EAN13.swift */,
				C78C05AF275B4986005DB0DE /* EAN8.swift */,
				CEC1DCCD2742667600B6CAC4 /* UPC.swift */,
				C78C05B1275B49FF005DB0DE /* UPCA.swift */,
				C78C059627493BF8005DB0DE /* GS1Code.swift */,
			);
			path = BarCode;
			sourceTree = "<group>";
		};
		C79D55722742AE5600B76983 /* Validate */ = {
			isa = PBXGroup;
			children = (
				C79D556A2742885800B76983 /* BarCodeValidateRegex.swift */,
				CEC1DCC92742661D00B6CAC4 /* Luhn.swift */,
			);
			path = Validate;
			sourceTree = "<group>";
		};
		C7B3DC97275D023E00A94900 /* EX */ = {
			isa = PBXGroup;
			children = (
				C7B3DC95275D01FA00A94900 /* EX-String-BezierPath.swift */,
				C7520FB3275E522F00798D56 /* EX-NSBezierPath-CGPath.swift */,
				C7520FB62764C4B100798D56 /* EX-CGPath.swift */,
				C7520FB92764F4BD00798D56 /* EX-NSImage.swift */,
			);
			path = EX;
			sourceTree = "<group>";
		};
		CEC1DC982741F2B800B6CAC4 = {
			isa = PBXGroup;
			children = (
				C78C05C7275BA70B005DB0DE /* Classes */,
				C74805D8275BAE6E00740288 /* BarCodeDemo-iOS */,
				C78BFAA6275BB2A100CA7F5B /* BarCodeCommandLine */,
				C78BFAB1275BB3D600CA7F5B /* BarCodeDemo-Mac */,
				CEC1DCA22741F2B800B6CAC4 /* Products */,
			);
			sourceTree = "<group>";
		};
		CEC1DCA22741F2B800B6CAC4 /* Products */ = {
			isa = PBXGroup;
			children = (
				C74805D7275BAE6E00740288 /* BarCodeDemo-iOS.app */,
				C78BFAA5275BB2A100CA7F5B /* BarCodeCommandLine */,
				C78BFAB0275BB3D600CA7F5B /* BarCodeDemo-Mac.app */,
			);
			name = Products;
			sourceTree = "<group>";
		};
		CEC1DCAB2742647700B6CAC4 /* Core */ = {
			isa = PBXGroup;
			children = (
				C79D556E2742A6C800B76983 /* BarCodeGenerator.swift */,
				C79D55702742AE0400B76983 /* Define */,
				C79D55722742AE5600B76983 /* Validate */,
				C79D55712742AE1E00B76983 /* BarCode */,
			);
			path = Core;
			sourceTree = "<group>";
		};
		CEC1DCB62742647700B6CAC4 /* EX */ = {
			isa = PBXGroup;
			children = (
				C79D5568274286CD00B76983 /* EX-String-Subscript.swift */,
			);
			path = EX;
			sourceTree = "<group>";
		};
/* End PBXGroup section */

/* Begin PBXNativeTarget section */
		C74805D6275BAE6E00740288 /* BarCodeDemo-iOS */ = {
			isa = PBXNativeTarget;
			buildConfigurationList = C74805EA275BAE7100740288 /* Build configuration list for PBXNativeTarget "BarCodeDemo-iOS" */;
			buildPhases = (
				C74805D3275BAE6E00740288 /* Sources */,
				C74805D4275BAE6E00740288 /* Frameworks */,
				C74805D5275BAE6E00740288 /* Resources */,
			);
			buildRules = (
			);
			dependencies = (
			);
			name = "BarCodeDemo-iOS";
			productName = "BarCodeDemo-iOS";
			productReference = C74805D7275BAE6E00740288 /* BarCodeDemo-iOS.app */;
			productType = "com.apple.product-type.application";
		};
		C78BFAA4275BB2A100CA7F5B /* BarCodeCommandLine */ = {
			isa = PBXNativeTarget;
			buildConfigurationList = C78BFAA9275BB2A100CA7F5B /* Build configuration list for PBXNativeTarget "BarCodeCommandLine" */;
			buildPhases = (
				C78BFAA1275BB2A100CA7F5B /* Sources */,
				C78BFAA2275BB2A100CA7F5B /* Frameworks */,
				C78BFAA3275BB2A100CA7F5B /* CopyFiles */,
			);
			buildRules = (
			);
			dependencies = (
			);
			name = BarCodeCommandLine;
			productName = BarCodeCommandLine;
			productReference = C78BFAA5275BB2A100CA7F5B /* BarCodeCommandLine */;
			productType = "com.apple.product-type.tool";
		};
		C78BFAAF275BB3D600CA7F5B /* BarCodeDemo-Mac */ = {
			isa = PBXNativeTarget;
			buildConfigurationList = C78BFABE275BB3D700CA7F5B /* Build configuration list for PBXNativeTarget "BarCodeDemo-Mac" */;
			buildPhases = (
				C78BFAAC275BB3D600CA7F5B /* Sources */,
				C78BFAAD275BB3D600CA7F5B /* Frameworks */,
				C78BFAAE275BB3D600CA7F5B /* Resources */,
			);
			buildRules = (
			);
			dependencies = (
			);
			name = "BarCodeDemo-Mac";
			productName = "BarCodeDemo-Mac";
			productReference = C78BFAB0275BB3D600CA7F5B /* BarCodeDemo-Mac.app */;
			productType = "com.apple.product-type.application";
		};
/* End PBXNativeTarget section */

/* Begin PBXProject section */
		CEC1DC992741F2B800B6CAC4 /* Project object */ = {
			isa = PBXProject;
			attributes = {
				BuildIndependentTargetsInParallel = 1;
				LastSwiftUpdateCheck = 1300;
				LastUpgradeCheck = 1310;
				TargetAttributes = {
					C74805D6275BAE6E00740288 = {
						CreatedOnToolsVersion = 13.0;
					};
					C78BFAA4275BB2A100CA7F5B = {
						CreatedOnToolsVersion = 13.0;
					};
					C78BFAAF275BB3D600CA7F5B = {
						CreatedOnToolsVersion = 13.0;
					};
				};
			};
			buildConfigurationList = CEC1DC9C2741F2B800B6CAC4 /* Build configuration list for PBXProject "BarCode" */;
			compatibilityVersion = "Xcode 13.0";
			developmentRegion = en;
			hasScannedForEncodings = 0;
			knownRegions = (
				en,
				Base,
			);
			mainGroup = CEC1DC982741F2B800B6CAC4;
			productRefGroup = CEC1DCA22741F2B800B6CAC4 /* Products */;
			projectDirPath = "";
			projectRoot = "";
			targets = (
				C74805D6275BAE6E00740288 /* BarCodeDemo-iOS */,
				C78BFAA4275BB2A100CA7F5B /* BarCodeCommandLine */,
				C78BFAAF275BB3D600CA7F5B /* BarCodeDemo-Mac */,
			);
		};
/* End PBXProject section */

/* Begin PBXResourcesBuildPhase section */
		C74805D5275BAE6E00740288 /* Resources */ = {
			isa = PBXResourcesBuildPhase;
			buildActionMask = 2147483647;
			files = (
				C74805E6275BAE7100740288 /* LaunchScreen.storyboard in Resources */,
				C74805E3275BAE7100740288 /* Assets.xcassets in Resources */,
				C74805E1275BAE6E00740288 /* Main.storyboard in Resources */,
			);
			runOnlyForDeploymentPostprocessing = 0;
		};
		C78BFAAE275BB3D600CA7F5B /* Resources */ = {
			isa = PBXResourcesBuildPhase;
			buildActionMask = 2147483647;
			files = (
				C78BFAB7275BB3D700CA7F5B /* Assets.xcassets in Resources */,
				C78BFABA275BB3D700CA7F5B /* Main.storyboard in Resources */,
			);
			runOnlyForDeploymentPostprocessing = 0;
		};
/* End PBXResourcesBuildPhase section */

/* Begin PBXSourcesBuildPhase section */
		C74805D3275BAE6E00740288 /* Sources */ = {
			isa = PBXSourcesBuildPhase;
			buildActionMask = 2147483647;
			files = (
				C74805EF275BAE9400740288 /* BarCodeGenerator.swift in Sources */,
				C74805F7275BAE9400740288 /* EAN8.swift in Sources */,
				C74805EE275BAE9400740288 /* UPCA.swift in Sources */,
				C74805EB275BAE9400740288 /* Luhn.swift in Sources */,
				C74805F4275BAE9400740288 /* EAN13.swift in Sources */,
				C7B3DC96275D01FA00A94900 /* EX-String-BezierPath.swift in Sources */,
				C7520FB72764C4B100798D56 /* EX-CGPath.swift in Sources */,
				C74805DE275BAE6E00740288 /* ViewController.swift in Sources */,
				C74805F2275BAE9400740288 /* EAN.swift in Sources */,
				C78BFAC2275BC00D00CA7F5B /* BarCodePathGenerator.swift in Sources */,
				C74805F8275BAE9400740288 /* BarCodeError.swift in Sources */,
				C7D6C151276F24E300762CD1 /* BarCodeFont.swift in Sources */,
				C74805F1275BAE9400740288 /* BarCodeProtocol.swift in Sources */,
				C74805F6275BAE9400740288 /* GS1Code.swift in Sources */,
				C74805EC275BAE9400740288 /* BarCodeValidateRegex.swift in Sources */,
				C74805DA275BAE6E00740288 /* AppDelegate.swift in Sources */,
				C74805F3275BAE9400740288 /* UPC.swift in Sources */,
				C74805ED275BAE9400740288 /* UPCAImageGenerator.swift in Sources */,
				C74805F5275BAE9400740288 /* EX-String-Subscript.swift in Sources */,
				C78BFAC0275BB83700CA7F5B /* BarCodeImageView.swift in Sources */,
				C74805F0275BAE9400740288 /* BarCodeType.swift in Sources */,
				C74805DC275BAE6E00740288 /* SceneDelegate.swift in Sources */,
			);
			runOnlyForDeploymentPostprocessing = 0;
		};
		C78BFAA1275BB2A100CA7F5B /* Sources */ = {
			isa = PBXSourcesBuildPhase;
			buildActionMask = 2147483647;
			files = (
				C78BFAA8275BB2A100CA7F5B /* main.swift in Sources */,
			);
			runOnlyForDeploymentPostprocessing = 0;
		};
		C78BFAAC275BB3D600CA7F5B /* Sources */ = {
			isa = PBXSourcesBuildPhase;
			buildActionMask = 2147483647;
			files = (
				C7520FB1275E4E0900798D56 /* EAN8.swift in Sources */,
				C7520FAE275E4E0900798D56 /* UPCA.swift in Sources */,
				C7520FAF275E4E0900798D56 /* EAN.swift in Sources */,
				C7520FB82764C4B100798D56 /* EX-CGPath.swift in Sources */,
				C7520FB5275E522F00798D56 /* EX-NSBezierPath-CGPath.swift in Sources */,
				C7520FA9275E4DF700798D56 /* EX-String-Subscript.swift in Sources */,
				C7520FA8275E4DEE00798D56 /* BarCodeGenerator.swift in Sources */,
				C7520FAD275E4E0900798D56 /* UPC.swift in Sources */,
				C78BFAB5275BB3D600CA7F5B /* ViewController.swift in Sources */,
				C7520FA4275E4D6600798D56 /* BarCodePathGenerator.swift in Sources */,
				C7520FA3275E46DE00798D56 /* UPCAImageGenerator.swift in Sources */,
				C7D6C152276F24E300762CD1 /* BarCodeFont.swift in Sources */,
				C7520FA5275E4DEA00798D56 /* BarCodeError.swift in Sources */,
				C7520FAC275E4E0900798D56 /* EAN13.swift in Sources */,
				C7520FAB275E4E0200798D56 /* BarCodeValidateRegex.swift in Sources */,
				C7520FA7275E4DEA00798D56 /* BarCodeProtocol.swift in Sources */,
				C7520FB2275E4FF600798D56 /* EX-String-BezierPath.swift in Sources */,
				C7520FA6275E4DEA00798D56 /* BarCodeType.swift in Sources */,
				C7520FAA275E4E0200798D56 /* Luhn.swift in Sources */,
				C7520FB0275E4E0900798D56 /* GS1Code.swift in Sources */,
				C7520FBA2764F4BD00798D56 /* EX-NSImage.swift in Sources */,
				C78BFAB3275BB3D600CA7F5B /* AppDelegate.swift in Sources */,
			);
			runOnlyForDeploymentPostprocessing = 0;
		};
/* End PBXSourcesBuildPhase section */

/* Begin PBXVariantGroup section */
		C74805DF275BAE6E00740288 /* Main.storyboard */ = {
			isa = PBXVariantGroup;
			children = (
				C74805E0275BAE6E00740288 /* Base */,
			);
			name = Main.storyboard;
			sourceTree = "<group>";
		};
		C74805E4275BAE7100740288 /* LaunchScreen.storyboard */ = {
			isa = PBXVariantGroup;
			children = (
				C74805E5275BAE7100740288 /* Base */,
			);
			name = LaunchScreen.storyboard;
			sourceTree = "<group>";
		};
		C78BFAB8275BB3D700CA7F5B /* Main.storyboard */ = {
			isa = PBXVariantGroup;
			children = (
				C78BFAB9275BB3D700CA7F5B /* Base */,
			);
			name = Main.storyboard;
			sourceTree = "<group>";
		};
/* End PBXVariantGroup section */

/* Begin XCBuildConfiguration section */
		C74805E8275BAE7100740288 /* Debug */ = {
			isa = XCBuildConfiguration;
			buildSettings = {
				ASSETCATALOG_COMPILER_APPICON_NAME = AppIcon;
				ASSETCATALOG_COMPILER_GLOBAL_ACCENT_COLOR_NAME = AccentColor;
				CODE_SIGN_STYLE = Automatic;
				CURRENT_PROJECT_VERSION = 1;
				GENERATE_INFOPLIST_FILE = YES;
				INFOPLIST_FILE = "BarCodeDemo-iOS/Info.plist";
				INFOPLIST_KEY_UIApplicationSupportsIndirectInputEvents = YES;
				INFOPLIST_KEY_UILaunchStoryboardName = LaunchScreen;
				INFOPLIST_KEY_UIMainStoryboardFile = Main;
				INFOPLIST_KEY_UISupportedInterfaceOrientations_iPad = "UIInterfaceOrientationPortrait UIInterfaceOrientationPortraitUpsideDown UIInterfaceOrientationLandscapeLeft UIInterfaceOrientationLandscapeRight";
				INFOPLIST_KEY_UISupportedInterfaceOrientations_iPhone = "UIInterfaceOrientationPortrait UIInterfaceOrientationLandscapeLeft UIInterfaceOrientationLandscapeRight";
				IPHONEOS_DEPLOYMENT_TARGET = 15.0;
				LD_RUNPATH_SEARCH_PATHS = (
					"$(inherited)",
					"@executable_path/Frameworks",
				);
				MARKETING_VERSION = 1.0;
				PRODUCT_BUNDLE_IDENTIFIER = "ayong.BarCodeDemo-iOS";
				PRODUCT_NAME = "$(TARGET_NAME)";
				SDKROOT = iphoneos;
				SWIFT_EMIT_LOC_STRINGS = YES;
				SWIFT_VERSION = 5.0;
				TARGETED_DEVICE_FAMILY = "1,2";
			};
			name = Debug;
		};
		C74805E9275BAE7100740288 /* Release */ = {
			isa = XCBuildConfiguration;
			buildSettings = {
				ASSETCATALOG_COMPILER_APPICON_NAME = AppIcon;
				ASSETCATALOG_COMPILER_GLOBAL_ACCENT_COLOR_NAME = AccentColor;
				CODE_SIGN_STYLE = Automatic;
				CURRENT_PROJECT_VERSION = 1;
				GENERATE_INFOPLIST_FILE = YES;
				INFOPLIST_FILE = "BarCodeDemo-iOS/Info.plist";
				INFOPLIST_KEY_UIApplicationSupportsIndirectInputEvents = YES;
				INFOPLIST_KEY_UILaunchStoryboardName = LaunchScreen;
				INFOPLIST_KEY_UIMainStoryboardFile = Main;
				INFOPLIST_KEY_UISupportedInterfaceOrientations_iPad = "UIInterfaceOrientationPortrait UIInterfaceOrientationPortraitUpsideDown UIInterfaceOrientationLandscapeLeft UIInterfaceOrientationLandscapeRight";
				INFOPLIST_KEY_UISupportedInterfaceOrientations_iPhone = "UIInterfaceOrientationPortrait UIInterfaceOrientationLandscapeLeft UIInterfaceOrientationLandscapeRight";
				IPHONEOS_DEPLOYMENT_TARGET = 15.0;
				LD_RUNPATH_SEARCH_PATHS = (
					"$(inherited)",
					"@executable_path/Frameworks",
				);
				MARKETING_VERSION = 1.0;
				PRODUCT_BUNDLE_IDENTIFIER = "ayong.BarCodeDemo-iOS";
				PRODUCT_NAME = "$(TARGET_NAME)";
				SDKROOT = iphoneos;
				SWIFT_EMIT_LOC_STRINGS = YES;
				SWIFT_VERSION = 5.0;
				TARGETED_DEVICE_FAMILY = "1,2";
				VALIDATE_PRODUCT = YES;
			};
			name = Release;
		};
		C78BFAAA275BB2A100CA7F5B /* Debug */ = {
			isa = XCBuildConfiguration;
			buildSettings = {
				CODE_SIGN_STYLE = Automatic;
				MACOSX_DEPLOYMENT_TARGET = 11.3;
				PRODUCT_NAME = "$(TARGET_NAME)";
				SWIFT_VERSION = 5.0;
			};
			name = Debug;
		};
		C78BFAAB275BB2A100CA7F5B /* Release */ = {
			isa = XCBuildConfiguration;
			buildSettings = {
				CODE_SIGN_STYLE = Automatic;
				MACOSX_DEPLOYMENT_TARGET = 11.3;
				PRODUCT_NAME = "$(TARGET_NAME)";
				SWIFT_VERSION = 5.0;
			};
			name = Release;
		};
		C78BFABC275BB3D700CA7F5B /* Debug */ = {
			isa = XCBuildConfiguration;
			buildSettings = {
				ASSETCATALOG_COMPILER_APPICON_NAME = AppIcon;
				ASSETCATALOG_COMPILER_GLOBAL_ACCENT_COLOR_NAME = AccentColor;
				CODE_SIGN_ENTITLEMENTS = "BarCodeDemo-Mac/BarCodeDemo_Mac.entitlements";
				CODE_SIGN_STYLE = Automatic;
				COMBINE_HIDPI_IMAGES = YES;
				CURRENT_PROJECT_VERSION = 1;
				GENERATE_INFOPLIST_FILE = YES;
				INFOPLIST_KEY_NSHumanReadableCopyright = "";
				INFOPLIST_KEY_NSMainStoryboardFile = Main;
				INFOPLIST_KEY_NSPrincipalClass = NSApplication;
				LD_RUNPATH_SEARCH_PATHS = (
					"$(inherited)",
					"@executable_path/../Frameworks",
				);
				MACOSX_DEPLOYMENT_TARGET = 11.3;
				MARKETING_VERSION = 1.0;
				PRODUCT_BUNDLE_IDENTIFIER = "ayong.BarCodeDemo-Mac";
				PRODUCT_NAME = "$(TARGET_NAME)";
				SWIFT_EMIT_LOC_STRINGS = YES;
				SWIFT_VERSION = 5.0;
			};
			name = Debug;
		};
		C78BFABD275BB3D700CA7F5B /* Release */ = {
			isa = XCBuildConfiguration;
			buildSettings = {
				ASSETCATALOG_COMPILER_APPICON_NAME = AppIcon;
				ASSETCATALOG_COMPILER_GLOBAL_ACCENT_COLOR_NAME = AccentColor;
				CODE_SIGN_ENTITLEMENTS = "BarCodeDemo-Mac/BarCodeDemo_Mac.entitlements";
				CODE_SIGN_STYLE = Automatic;
				COMBINE_HIDPI_IMAGES = YES;
				CURRENT_PROJECT_VERSION = 1;
				GENERATE_INFOPLIST_FILE = YES;
				INFOPLIST_KEY_NSHumanReadableCopyright = "";
				INFOPLIST_KEY_NSMainStoryboardFile = Main;
				INFOPLIST_KEY_NSPrincipalClass = NSApplication;
				LD_RUNPATH_SEARCH_PATHS = (
					"$(inherited)",
					"@executable_path/../Frameworks",
				);
				MACOSX_DEPLOYMENT_TARGET = 11.3;
				MARKETING_VERSION = 1.0;
				PRODUCT_BUNDLE_IDENTIFIER = "ayong.BarCodeDemo-Mac";
				PRODUCT_NAME = "$(TARGET_NAME)";
				SWIFT_EMIT_LOC_STRINGS = YES;
				SWIFT_VERSION = 5.0;
			};
			name = Release;
		};
		CEC1DCA62741F2B800B6CAC4 /* Debug */ = {
			isa = XCBuildConfiguration;
			buildSettings = {
				ALWAYS_SEARCH_USER_PATHS = NO;
				CLANG_ANALYZER_NONNULL = YES;
				CLANG_ANALYZER_NUMBER_OBJECT_CONVERSION = YES_AGGRESSIVE;
				CLANG_CXX_LANGUAGE_STANDARD = "gnu++17";
				CLANG_CXX_LIBRARY = "libc++";
				CLANG_ENABLE_MODULES = YES;
				CLANG_ENABLE_OBJC_ARC = YES;
				CLANG_ENABLE_OBJC_WEAK = YES;
				CLANG_WARN_BLOCK_CAPTURE_AUTORELEASING = YES;
				CLANG_WARN_BOOL_CONVERSION = YES;
				CLANG_WARN_COMMA = YES;
				CLANG_WARN_CONSTANT_CONVERSION = YES;
				CLANG_WARN_DEPRECATED_OBJC_IMPLEMENTATIONS = YES;
				CLANG_WARN_DIRECT_OBJC_ISA_USAGE = YES_ERROR;
				CLANG_WARN_DOCUMENTATION_COMMENTS = YES;
				CLANG_WARN_EMPTY_BODY = YES;
				CLANG_WARN_ENUM_CONVERSION = YES;
				CLANG_WARN_INFINITE_RECURSION = YES;
				CLANG_WARN_INT_CONVERSION = YES;
				CLANG_WARN_NON_LITERAL_NULL_CONVERSION = YES;
				CLANG_WARN_OBJC_IMPLICIT_RETAIN_SELF = YES;
				CLANG_WARN_OBJC_LITERAL_CONVERSION = YES;
				CLANG_WARN_OBJC_ROOT_CLASS = YES_ERROR;
				CLANG_WARN_QUOTED_INCLUDE_IN_FRAMEWORK_HEADER = YES;
				CLANG_WARN_RANGE_LOOP_ANALYSIS = YES;
				CLANG_WARN_STRICT_PROTOTYPES = YES;
				CLANG_WARN_SUSPICIOUS_MOVE = YES;
				CLANG_WARN_UNGUARDED_AVAILABILITY = YES_AGGRESSIVE;
				CLANG_WARN_UNREACHABLE_CODE = YES;
				CLANG_WARN__DUPLICATE_METHOD_MATCH = YES;
				COPY_PHASE_STRIP = NO;
				DEBUG_INFORMATION_FORMAT = dwarf;
				ENABLE_STRICT_OBJC_MSGSEND = YES;
				ENABLE_TESTABILITY = YES;
				GCC_C_LANGUAGE_STANDARD = gnu11;
				GCC_DYNAMIC_NO_PIC = NO;
				GCC_NO_COMMON_BLOCKS = YES;
				GCC_OPTIMIZATION_LEVEL = 0;
				GCC_PREPROCESSOR_DEFINITIONS = (
					"DEBUG=1",
					"$(inherited)",
				);
				GCC_WARN_64_TO_32_BIT_CONVERSION = YES;
				GCC_WARN_ABOUT_RETURN_TYPE = YES_ERROR;
				GCC_WARN_UNDECLARED_SELECTOR = YES;
				GCC_WARN_UNINITIALIZED_AUTOS = YES_AGGRESSIVE;
				GCC_WARN_UNUSED_FUNCTION = YES;
				GCC_WARN_UNUSED_VARIABLE = YES;
				MACOSX_DEPLOYMENT_TARGET = 11.5;
				MTL_ENABLE_DEBUG_INFO = INCLUDE_SOURCE;
				MTL_FAST_MATH = YES;
				ONLY_ACTIVE_ARCH = YES;
				SDKROOT = macosx;
				SWIFT_ACTIVE_COMPILATION_CONDITIONS = DEBUG;
				SWIFT_OPTIMIZATION_LEVEL = "-Onone";
			};
			name = Debug;
		};
		CEC1DCA72741F2B800B6CAC4 /* Release */ = {
			isa = XCBuildConfiguration;
			buildSettings = {
				ALWAYS_SEARCH_USER_PATHS = NO;
				CLANG_ANALYZER_NONNULL = YES;
				CLANG_ANALYZER_NUMBER_OBJECT_CONVERSION = YES_AGGRESSIVE;
				CLANG_CXX_LANGUAGE_STANDARD = "gnu++17";
				CLANG_CXX_LIBRARY = "libc++";
				CLANG_ENABLE_MODULES = YES;
				CLANG_ENABLE_OBJC_ARC = YES;
				CLANG_ENABLE_OBJC_WEAK = YES;
				CLANG_WARN_BLOCK_CAPTURE_AUTORELEASING = YES;
				CLANG_WARN_BOOL_CONVERSION = YES;
				CLANG_WARN_COMMA = YES;
				CLANG_WARN_CONSTANT_CONVERSION = YES;
				CLANG_WARN_DEPRECATED_OBJC_IMPLEMENTATIONS = YES;
				CLANG_WARN_DIRECT_OBJC_ISA_USAGE = YES_ERROR;
				CLANG_WARN_DOCUMENTATION_COMMENTS = YES;
				CLANG_WARN_EMPTY_BODY = YES;
				CLANG_WARN_ENUM_CONVERSION = YES;
				CLANG_WARN_INFINITE_RECURSION = YES;
				CLANG_WARN_INT_CONVERSION = YES;
				CLANG_WARN_NON_LITERAL_NULL_CONVERSION = YES;
				CLANG_WARN_OBJC_IMPLICIT_RETAIN_SELF = YES;
				CLANG_WARN_OBJC_LITERAL_CONVERSION = YES;
				CLANG_WARN_OBJC_ROOT_CLASS = YES_ERROR;
				CLANG_WARN_QUOTED_INCLUDE_IN_FRAMEWORK_HEADER = YES;
				CLANG_WARN_RANGE_LOOP_ANALYSIS = YES;
				CLANG_WARN_STRICT_PROTOTYPES = YES;
				CLANG_WARN_SUSPICIOUS_MOVE = YES;
				CLANG_WARN_UNGUARDED_AVAILABILITY = YES_AGGRESSIVE;
				CLANG_WARN_UNREACHABLE_CODE = YES;
				CLANG_WARN__DUPLICATE_METHOD_MATCH = YES;
				COPY_PHASE_STRIP = NO;
				DEBUG_INFORMATION_FORMAT = "dwarf-with-dsym";
				ENABLE_NS_ASSERTIONS = NO;
				ENABLE_STRICT_OBJC_MSGSEND = YES;
				GCC_C_LANGUAGE_STANDARD = gnu11;
				GCC_NO_COMMON_BLOCKS = YES;
				GCC_WARN_64_TO_32_BIT_CONVERSION = YES;
				GCC_WARN_ABOUT_RETURN_TYPE = YES_ERROR;
				GCC_WARN_UNDECLARED_SELECTOR = YES;
				GCC_WARN_UNINITIALIZED_AUTOS = YES_AGGRESSIVE;
				GCC_WARN_UNUSED_FUNCTION = YES;
				GCC_WARN_UNUSED_VARIABLE = YES;
				MACOSX_DEPLOYMENT_TARGET = 11.5;
				MTL_ENABLE_DEBUG_INFO = NO;
				MTL_FAST_MATH = YES;
				SDKROOT = macosx;
				SWIFT_COMPILATION_MODE = wholemodule;
				SWIFT_OPTIMIZATION_LEVEL = "-O";
			};
			name = Release;
		};
/* End XCBuildConfiguration section */

/* Begin XCConfigurationList section */
		C74805EA275BAE7100740288 /* Build configuration list for PBXNativeTarget "BarCodeDemo-iOS" */ = {
			isa = XCConfigurationList;
			buildConfigurations = (
				C74805E8275BAE7100740288 /* Debug */,
				C74805E9275BAE7100740288 /* Release */,
			);
			defaultConfigurationIsVisible = 0;
			defaultConfigurationName = Release;
		};
		C78BFAA9275BB2A100CA7F5B /* Build configuration list for PBXNativeTarget "BarCodeCommandLine" */ = {
			isa = XCConfigurationList;
			buildConfigurations = (
				C78BFAAA275BB2A100CA7F5B /* Debug */,
				C78BFAAB275BB2A100CA7F5B /* Release */,
			);
			defaultConfigurationIsVisible = 0;
			defaultConfigurationName = Release;
		};
		C78BFABE275BB3D700CA7F5B /* Build configuration list for PBXNativeTarget "BarCodeDemo-Mac" */ = {
			isa = XCConfigurationList;
			buildConfigurations = (
				C78BFABC275BB3D700CA7F5B /* Debug */,
				C78BFABD275BB3D700CA7F5B /* Release */,
			);
			defaultConfigurationIsVisible = 0;
			defaultConfigurationName = Release;
		};
		CEC1DC9C2741F2B800B6CAC4 /* Build configuration list for PBXProject "BarCode" */ = {
			isa = XCConfigurationList;
			buildConfigurations = (
				CEC1DCA62741F2B800B6CAC4 /* Debug */,
				CEC1DCA72741F2B800B6CAC4 /* Release */,
			);
			defaultConfigurationIsVisible = 0;
			defaultConfigurationName = Release;
		};
/* End XCConfigurationList section */
	};
	rootObject = CEC1DC992741F2B800B6CAC4 /* Project object */;
}
