// !$*UTF8*$!
{
	archiveVersion = 1;
	classes = {
	};
	objectVersion = 55;
	objects = {

/* Begin PBXBuildFile section */
		C78C05BB275BA677005DB0DE /* AppDelegate.swift in Sources */ = {isa = PBXBuildFile; fileRef = C78C05BA275BA677005DB0DE /* AppDelegate.swift */; };
		C78C05BD275BA678005DB0DE /* ViewController.swift in Sources */ = {isa = PBXBuildFile; fileRef = C78C05BC275BA678005DB0DE /* ViewController.swift */; };
		C78C05BF275BA67A005DB0DE /* Assets.xcassets in Resources */ = {isa = PBXBuildFile; fileRef = C78C05BE275BA67A005DB0DE /* Assets.xcassets */; };
		C78C05C2275BA67A005DB0DE /* Main.storyboard in Resources */ = {isa = PBXBuildFile; fileRef = C78C05C0275BA67A005DB0DE /* Main.storyboard */; };
		C78C05D1275BA7F9005DB0DE /* main.swift in Sources */ = {isa = PBXBuildFile; fileRef = C78C05D0275BA7F9005DB0DE /* main.swift */; };
		C7F649DB275BA8B600AAE041 /* EX+String.swift in Sources */ = {isa = PBXBuildFile; fileRef = C79D5568274286CD00B76983 /* EX+String.swift */; };
		C7F649DC275BA8B600AAE041 /* EX+String.swift in Sources */ = {isa = PBXBuildFile; fileRef = C79D5568274286CD00B76983 /* EX+String.swift */; };
		C7F649DD275BA8BA00AAE041 /* BarCodeGenerator.swift in Sources */ = {isa = PBXBuildFile; fileRef = C79D556E2742A6C800B76983 /* BarCodeGenerator.swift */; };
		C7F649DE275BA8BA00AAE041 /* BarCodeGenerator.swift in Sources */ = {isa = PBXBuildFile; fileRef = C79D556E2742A6C800B76983 /* BarCodeGenerator.swift */; };
		C7F649DF275BA8C100AAE041 /* BarCodeProtocol.swift in Sources */ = {isa = PBXBuildFile; fileRef = C79D556C2742A68400B76983 /* BarCodeProtocol.swift */; };
		C7F649E0275BA8C100AAE041 /* BarCodeError.swift in Sources */ = {isa = PBXBuildFile; fileRef = CEC1DCC52742651100B6CAC4 /* BarCodeError.swift */; };
		C7F649E1275BA8C100AAE041 /* BarCodeType.swift in Sources */ = {isa = PBXBuildFile; fileRef = CEC1DCC3274264C200B6CAC4 /* BarCodeType.swift */; };
		C7F649E2275BA8C100AAE041 /* BarCodeProtocol.swift in Sources */ = {isa = PBXBuildFile; fileRef = C79D556C2742A68400B76983 /* BarCodeProtocol.swift */; };
		C7F649E3275BA8C100AAE041 /* BarCodeError.swift in Sources */ = {isa = PBXBuildFile; fileRef = CEC1DCC52742651100B6CAC4 /* BarCodeError.swift */; };
		C7F649E4275BA8C100AAE041 /* BarCodeType.swift in Sources */ = {isa = PBXBuildFile; fileRef = CEC1DCC3274264C200B6CAC4 /* BarCodeType.swift */; };
		C7F649E5275BA8C700AAE041 /* Luhn.swift in Sources */ = {isa = PBXBuildFile; fileRef = CEC1DCC92742661D00B6CAC4 /* Luhn.swift */; };
		C7F649E6275BA8C700AAE041 /* BarCodeValidateRegex.swift in Sources */ = {isa = PBXBuildFile; fileRef = C79D556A2742885800B76983 /* BarCodeValidateRegex.swift */; };
		C7F649E7275BA8C800AAE041 /* Luhn.swift in Sources */ = {isa = PBXBuildFile; fileRef = CEC1DCC92742661D00B6CAC4 /* Luhn.swift */; };
		C7F649E8275BA8C800AAE041 /* BarCodeValidateRegex.swift in Sources */ = {isa = PBXBuildFile; fileRef = C79D556A2742885800B76983 /* BarCodeValidateRegex.swift */; };
		C7F649E9275BA8D000AAE041 /* EAN8.swift in Sources */ = {isa = PBXBuildFile; fileRef = C78C05AF275B4986005DB0DE /* EAN8.swift */; };
		C7F649EA275BA8D000AAE041 /* UPCA.swift in Sources */ = {isa = PBXBuildFile; fileRef = C78C05B1275B49FF005DB0DE /* UPCA.swift */; };
		C7F649EB275BA8D000AAE041 /* EAN13.swift in Sources */ = {isa = PBXBuildFile; fileRef = C78C05AD275B4962005DB0DE /* EAN13.swift */; };
		C7F649EC275BA8D000AAE041 /* UPC.swift in Sources */ = {isa = PBXBuildFile; fileRef = CEC1DCCD2742667600B6CAC4 /* UPC.swift */; };
		C7F649ED275BA8D000AAE041 /* GS1Code.swift in Sources */ = {isa = PBXBuildFile; fileRef = C78C059627493BF8005DB0DE /* GS1Code.swift */; };
		C7F649EE275BA8D000AAE041 /* EAN.swift in Sources */ = {isa = PBXBuildFile; fileRef = CEC1DCCB2742666900B6CAC4 /* EAN.swift */; };
		C7F649EF275BA8D000AAE041 /* EAN8.swift in Sources */ = {isa = PBXBuildFile; fileRef = C78C05AF275B4986005DB0DE /* EAN8.swift */; };
		C7F649F0275BA8D000AAE041 /* UPCA.swift in Sources */ = {isa = PBXBuildFile; fileRef = C78C05B1275B49FF005DB0DE /* UPCA.swift */; };
		C7F649F1275BA8D000AAE041 /* EAN13.swift in Sources */ = {isa = PBXBuildFile; fileRef = C78C05AD275B4962005DB0DE /* EAN13.swift */; };
		C7F649F2275BA8D000AAE041 /* UPC.swift in Sources */ = {isa = PBXBuildFile; fileRef = CEC1DCCD2742667600B6CAC4 /* UPC.swift */; };
		C7F649F3275BA8D000AAE041 /* GS1Code.swift in Sources */ = {isa = PBXBuildFile; fileRef = C78C059627493BF8005DB0DE /* GS1Code.swift */; };
		C7F649F4275BA8D000AAE041 /* EAN.swift in Sources */ = {isa = PBXBuildFile; fileRef = CEC1DCCB2742666900B6CAC4 /* EAN.swift */; };
/* End PBXBuildFile section */

/* Begin PBXCopyFilesBuildPhase section */
		C78C05CC275BA7F9005DB0DE /* CopyFiles */ = {
			isa = PBXCopyFilesBuildPhase;
			buildActionMask = 2147483647;
			dstPath = /usr/share/man/man1/;
			dstSubfolderSpec = 0;
			files = (
			);
			runOnlyForDeploymentPostprocessing = 1;
		};
		CEC1DC9F2741F2B800B6CAC4 /* CopyFiles */ = {
			isa = PBXCopyFilesBuildPhase;
			buildActionMask = 2147483647;
			dstPath = /usr/share/man/man1/;
			dstSubfolderSpec = 0;
			files = (
			);
			runOnlyForDeploymentPostprocessing = 1;
		};
/* End PBXCopyFilesBuildPhase section */

/* Begin PBXFileReference section */
		C78C059627493BF8005DB0DE /* GS1Code.swift */ = {isa = PBXFileReference; lastKnownFileType = sourcecode.swift; path = GS1Code.swift; sourceTree = "<group>"; };
		C78C05AD275B4962005DB0DE /* EAN13.swift */ = {isa = PBXFileReference; lastKnownFileType = sourcecode.swift; path = EAN13.swift; sourceTree = "<group>"; };
		C78C05AF275B4986005DB0DE /* EAN8.swift */ = {isa = PBXFileReference; lastKnownFileType = sourcecode.swift; path = EAN8.swift; sourceTree = "<group>"; };
		C78C05B1275B49FF005DB0DE /* UPCA.swift */ = {isa = PBXFileReference; lastKnownFileType = sourcecode.swift; path = UPCA.swift; sourceTree = "<group>"; };
		C78C05B3275B4AD1005DB0DE /* UPC.md */ = {isa = PBXFileReference; lastKnownFileType = net.daringfireball.markdown; path = UPC.md; sourceTree = "<group>"; };
		C78C05B8275BA677005DB0DE /* BarCodeDemo.app */ = {isa = PBXFileReference; explicitFileType = wrapper.application; includeInIndex = 0; path = BarCodeDemo.app; sourceTree = BUILT_PRODUCTS_DIR; };
		C78C05BA275BA677005DB0DE /* AppDelegate.swift */ = {isa = PBXFileReference; lastKnownFileType = sourcecode.swift; path = AppDelegate.swift; sourceTree = "<group>"; };
		C78C05BC275BA678005DB0DE /* ViewController.swift */ = {isa = PBXFileReference; lastKnownFileType = sourcecode.swift; path = ViewController.swift; sourceTree = "<group>"; };
		C78C05BE275BA67A005DB0DE /* Assets.xcassets */ = {isa = PBXFileReference; lastKnownFileType = folder.assetcatalog; path = Assets.xcassets; sourceTree = "<group>"; };
		C78C05C1275BA67A005DB0DE /* Base */ = {isa = PBXFileReference; lastKnownFileType = file.storyboard; name = Base; path = Base.lproj/Main.storyboard; sourceTree = "<group>"; };
		C78C05C3275BA67A005DB0DE /* BarCodeDemo.entitlements */ = {isa = PBXFileReference; lastKnownFileType = text.plist.entitlements; path = BarCodeDemo.entitlements; sourceTree = "<group>"; };
		C78C05CE275BA7F9005DB0DE /* BarCodeCommandLine */ = {isa = PBXFileReference; explicitFileType = "compiled.mach-o.executable"; includeInIndex = 0; path = BarCodeCommandLine; sourceTree = BUILT_PRODUCTS_DIR; };
		C78C05D0275BA7F9005DB0DE /* main.swift */ = {isa = PBXFileReference; lastKnownFileType = sourcecode.swift; path = main.swift; sourceTree = "<group>"; };
		C79D5568274286CD00B76983 /* EX+String.swift */ = {isa = PBXFileReference; lastKnownFileType = sourcecode.swift; path = "EX+String.swift"; sourceTree = "<group>"; };
		C79D556A2742885800B76983 /* BarCodeValidateRegex.swift */ = {isa = PBXFileReference; lastKnownFileType = sourcecode.swift; path = BarCodeValidateRegex.swift; sourceTree = "<group>"; };
		C79D556C2742A68400B76983 /* BarCodeProtocol.swift */ = {isa = PBXFileReference; lastKnownFileType = sourcecode.swift; path = BarCodeProtocol.swift; sourceTree = "<group>"; };
		C79D556E2742A6C800B76983 /* BarCodeGenerator.swift */ = {isa = PBXFileReference; lastKnownFileType = sourcecode.swift; path = BarCodeGenerator.swift; sourceTree = "<group>"; };
		CEC1DCC3274264C200B6CAC4 /* BarCodeType.swift */ = {isa = PBXFileReference; lastKnownFileType = sourcecode.swift; path = BarCodeType.swift; sourceTree = "<group>"; };
		CEC1DCC52742651100B6CAC4 /* BarCodeError.swift */ = {isa = PBXFileReference; lastKnownFileType = sourcecode.swift; path = BarCodeError.swift; sourceTree = "<group>"; };
		CEC1DCC92742661D00B6CAC4 /* Luhn.swift */ = {isa = PBXFileReference; lastKnownFileType = sourcecode.swift; path = Luhn.swift; sourceTree = "<group>"; };
		CEC1DCCB2742666900B6CAC4 /* EAN.swift */ = {isa = PBXFileReference; lastKnownFileType = sourcecode.swift; path = EAN.swift; sourceTree = "<group>"; };
		CEC1DCCD2742667600B6CAC4 /* UPC.swift */ = {isa = PBXFileReference; lastKnownFileType = sourcecode.swift; path = UPC.swift; sourceTree = "<group>"; };
/* End PBXFileReference section */

/* Begin PBXFrameworksBuildPhase section */
		C78C05B5275BA677005DB0DE /* Frameworks */ = {
			isa = PBXFrameworksBuildPhase;
			buildActionMask = 2147483647;
			files = (
			);
			runOnlyForDeploymentPostprocessing = 0;
		};
		C78C05CB275BA7F9005DB0DE /* Frameworks */ = {
			isa = PBXFrameworksBuildPhase;
			buildActionMask = 2147483647;
			files = (
			);
			runOnlyForDeploymentPostprocessing = 0;
		};
		CEC1DC9E2741F2B800B6CAC4 /* Frameworks */ = {
			isa = PBXFrameworksBuildPhase;
			buildActionMask = 2147483647;
			files = (
			);
			runOnlyForDeploymentPostprocessing = 0;
		};
/* End PBXFrameworksBuildPhase section */

/* Begin PBXGroup section */
		C78C05B9275BA677005DB0DE /* BarCodeDemo */ = {
			isa = PBXGroup;
			children = (
				C78C05BA275BA677005DB0DE /* AppDelegate.swift */,
				C78C05BC275BA678005DB0DE /* ViewController.swift */,
				C78C05BE275BA67A005DB0DE /* Assets.xcassets */,
				C78C05C0275BA67A005DB0DE /* Main.storyboard */,
				C78C05C3275BA67A005DB0DE /* BarCodeDemo.entitlements */,
			);
			path = BarCodeDemo;
			sourceTree = "<group>";
		};
		C78C05C7275BA70B005DB0DE /* Classes */ = {
			isa = PBXGroup;
			children = (
				C78C05C9275BA72D005DB0DE /* BarCodeKit */,
				C78C05C8275BA714005DB0DE /* BarCodeFoundation */,
			);
			path = Classes;
			sourceTree = "<group>";
		};
		C78C05C8275BA714005DB0DE /* BarCodeFoundation */ = {
			isa = PBXGroup;
			children = (
				CEC1DCB62742647700B6CAC4 /* EX */,
				CEC1DCAB2742647700B6CAC4 /* Core */,
			);
			path = BarCodeFoundation;
			sourceTree = "<group>";
		};
		C78C05C9275BA72D005DB0DE /* BarCodeKit */ = {
			isa = PBXGroup;
			children = (
			);
			path = BarCodeKit;
			sourceTree = "<group>";
		};
		C78C05CF275BA7F9005DB0DE /* BarCodeCommandLine */ = {
			isa = PBXGroup;
			children = (
				C78C05D0275BA7F9005DB0DE /* main.swift */,
			);
			path = BarCodeCommandLine;
			sourceTree = "<group>";
		};
		C79D55702742AE0400B76983 /* Define */ = {
			isa = PBXGroup;
			children = (
				C79D556C2742A68400B76983 /* BarCodeProtocol.swift */,
				CEC1DCC3274264C200B6CAC4 /* BarCodeType.swift */,
				CEC1DCC52742651100B6CAC4 /* BarCodeError.swift */,
			);
			path = Define;
			sourceTree = "<group>";
		};
		C79D55712742AE1E00B76983 /* BarCode */ = {
			isa = PBXGroup;
			children = (
				C78C05B3275B4AD1005DB0DE /* UPC.md */,
				CEC1DCCB2742666900B6CAC4 /* EAN.swift */,
				C78C05AD275B4962005DB0DE /* EAN13.swift */,
				C78C05AF275B4986005DB0DE /* EAN8.swift */,
				CEC1DCCD2742667600B6CAC4 /* UPC.swift */,
				C78C05B1275B49FF005DB0DE /* UPCA.swift */,
				C78C059627493BF8005DB0DE /* GS1Code.swift */,
			);
			path = BarCode;
			sourceTree = "<group>";
		};
		C79D55722742AE5600B76983 /* Validate */ = {
			isa = PBXGroup;
			children = (
				C79D556A2742885800B76983 /* BarCodeValidateRegex.swift */,
				CEC1DCC92742661D00B6CAC4 /* Luhn.swift */,
			);
			path = Validate;
			sourceTree = "<group>";
		};
		CEC1DC982741F2B800B6CAC4 = {
			isa = PBXGroup;
			children = (
				C78C05C7275BA70B005DB0DE /* Classes */,
				C78C05B9275BA677005DB0DE /* BarCodeDemo */,
				C78C05CF275BA7F9005DB0DE /* BarCodeCommandLine */,
				CEC1DCA22741F2B800B6CAC4 /* Products */,
			);
			sourceTree = "<group>";
		};
		CEC1DCA22741F2B800B6CAC4 /* Products */ = {
			isa = PBXGroup;
			children = (
				C78C05B8275BA677005DB0DE /* BarCodeDemo.app */,
				C78C05CE275BA7F9005DB0DE /* BarCodeCommandLine */,
			);
			name = Products;
			sourceTree = "<group>";
		};
		CEC1DCAB2742647700B6CAC4 /* Core */ = {
			isa = PBXGroup;
			children = (
				C79D556E2742A6C800B76983 /* BarCodeGenerator.swift */,
				C79D55702742AE0400B76983 /* Define */,
				C79D55722742AE5600B76983 /* Validate */,
				C79D55712742AE1E00B76983 /* BarCode */,
			);
			path = Core;
			sourceTree = "<group>";
		};
		CEC1DCB62742647700B6CAC4 /* EX */ = {
			isa = PBXGroup;
			children = (
				C79D5568274286CD00B76983 /* EX+String.swift */,
			);
			path = EX;
			sourceTree = "<group>";
		};
/* End PBXGroup section */

/* Begin PBXNativeTarget section */
		C78C05B7275BA677005DB0DE /* BarCodeDemo */ = {
			isa = PBXNativeTarget;
			buildConfigurationList = C78C05C4275BA67A005DB0DE /* Build configuration list for PBXNativeTarget "BarCodeDemo" */;
			buildPhases = (
				C78C05B4275BA677005DB0DE /* Sources */,
				C78C05B5275BA677005DB0DE /* Frameworks */,
				C78C05B6275BA677005DB0DE /* Resources */,
			);
			buildRules = (
			);
			dependencies = (
			);
			name = BarCodeDemo;
			productName = BarCodeDemo;
			productReference = C78C05B8275BA677005DB0DE /* BarCodeDemo.app */;
			productType = "com.apple.product-type.application";
		};
		C78C05CD275BA7F9005DB0DE /* BarCodeCommandLine */ = {
			isa = PBXNativeTarget;
			buildConfigurationList = C78C05D2275BA7F9005DB0DE /* Build configuration list for PBXNativeTarget "BarCodeCommandLine" */;
			buildPhases = (
				C78C05CA275BA7F9005DB0DE /* Sources */,
				C78C05CB275BA7F9005DB0DE /* Frameworks */,
				C78C05CC275BA7F9005DB0DE /* CopyFiles */,
			);
			buildRules = (
			);
			dependencies = (
			);
			name = BarCodeCommandLine;
			productName = BarCodeCommandLine;
			productReference = C78C05CE275BA7F9005DB0DE /* BarCodeCommandLine */;
			productType = "com.apple.product-type.tool";
		};
/* End PBXNativeTarget section */

/* Begin PBXProject section */
		CEC1DC992741F2B800B6CAC4 /* Project object */ = {
			isa = PBXProject;
			attributes = {
				BuildIndependentTargetsInParallel = 1;
				LastSwiftUpdateCheck = 1300;
				LastUpgradeCheck = 1310;
				TargetAttributes = {
					C78C05B7275BA677005DB0DE = {
						CreatedOnToolsVersion = 13.0;
					};
					C78C05CD275BA7F9005DB0DE = {
						CreatedOnToolsVersion = 13.0;
					};
					CEC1DCA02741F2B800B6CAC4 = {
						CreatedOnToolsVersion = 13.1;
					};
				};
			};
			buildConfigurationList = CEC1DC9C2741F2B800B6CAC4 /* Build configuration list for PBXProject "BarCode" */;
			compatibilityVersion = "Xcode 13.0";
			developmentRegion = en;
			hasScannedForEncodings = 0;
			knownRegions = (
				en,
				Base,
			);
			mainGroup = CEC1DC982741F2B800B6CAC4;
			productRefGroup = CEC1DCA22741F2B800B6CAC4 /* Products */;
			projectDirPath = "";
			projectRoot = "";
			targets = (
				C78C05B7275BA677005DB0DE /* BarCodeDemo */,
				C78C05CD275BA7F9005DB0DE /* BarCodeCommandLine */,
			);
		};
/* End PBXProject section */

/* Begin PBXResourcesBuildPhase section */
		C78C05B6275BA677005DB0DE /* Resources */ = {
			isa = PBXResourcesBuildPhase;
			buildActionMask = 2147483647;
			files = (
				C78C05BF275BA67A005DB0DE /* Assets.xcassets in Resources */,
				C78C05C2275BA67A005DB0DE /* Main.storyboard in Resources */,
			);
			runOnlyForDeploymentPostprocessing = 0;
		};
/* End PBXResourcesBuildPhase section */

/* Begin PBXSourcesBuildPhase section */
		C78C05B4275BA677005DB0DE /* Sources */ = {
			isa = PBXSourcesBuildPhase;
			buildActionMask = 2147483647;
			files = (
				C7F649ED275BA8D000AAE041 /* GS1Code.swift in Sources */,
				C7F649EE275BA8D000AAE041 /* EAN.swift in Sources */,
				C7F649E6275BA8C700AAE041 /* BarCodeValidateRegex.swift in Sources */,
				C7F649DD275BA8BA00AAE041 /* BarCodeGenerator.swift in Sources */,
				C7F649EC275BA8D000AAE041 /* UPC.swift in Sources */,
				C78C05BD275BA678005DB0DE /* ViewController.swift in Sources */,
				C7F649DB275BA8B600AAE041 /* EX+String.swift in Sources */,
				C7F649E0275BA8C100AAE041 /* BarCodeError.swift in Sources */,
				C7F649E5275BA8C700AAE041 /* Luhn.swift in Sources */,
				C7F649EB275BA8D000AAE041 /* EAN13.swift in Sources */,
				C7F649EA275BA8D000AAE041 /* UPCA.swift in Sources */,
				C78C05BB275BA677005DB0DE /* AppDelegate.swift in Sources */,
				C7F649E9275BA8D000AAE041 /* EAN8.swift in Sources */,
				C7F649E1275BA8C100AAE041 /* BarCodeType.swift in Sources */,
				C7F649DF275BA8C100AAE041 /* BarCodeProtocol.swift in Sources */,
			);
			runOnlyForDeploymentPostprocessing = 0;
		};
		C78C05CA275BA7F9005DB0DE /* Sources */ = {
			isa = PBXSourcesBuildPhase;
			buildActionMask = 2147483647;
			files = (
				C7F649DE275BA8BA00AAE041 /* BarCodeGenerator.swift in Sources */,
				C7F649E7275BA8C800AAE041 /* Luhn.swift in Sources */,
				C7F649F1275BA8D000AAE041 /* EAN13.swift in Sources */,
				C7F649F3275BA8D000AAE041 /* GS1Code.swift in Sources */,
				C7F649E8275BA8C800AAE041 /* BarCodeValidateRegex.swift in Sources */,
				C7F649EF275BA8D000AAE041 /* EAN8.swift in Sources */,
				C7F649F4275BA8D000AAE041 /* EAN.swift in Sources */,
				C78C05D1275BA7F9005DB0DE /* main.swift in Sources */,
				C7F649E2275BA8C100AAE041 /* BarCodeProtocol.swift in Sources */,
				C7F649E3275BA8C100AAE041 /* BarCodeError.swift in Sources */,
				C7F649F2275BA8D000AAE041 /* UPC.swift in Sources */,
				C7F649E4275BA8C100AAE041 /* BarCodeType.swift in Sources */,
				C7F649F0275BA8D000AAE041 /* UPCA.swift in Sources */,
				C7F649DC275BA8B600AAE041 /* EX+String.swift in Sources */,
			);
			runOnlyForDeploymentPostprocessing = 0;
		};
		CEC1DC9D2741F2B800B6CAC4 /* Sources */ = {
			isa = PBXSourcesBuildPhase;
			buildActionMask = 2147483647;
			files = (
			);
			runOnlyForDeploymentPostprocessing = 0;
		};
/* End PBXSourcesBuildPhase section */

/* Begin PBXVariantGroup section */
		C78C05C0275BA67A005DB0DE /* Main.storyboard */ = {
			isa = PBXVariantGroup;
			children = (
				C78C05C1275BA67A005DB0DE /* Base */,
			);
			name = Main.storyboard;
			sourceTree = "<group>";
		};
/* End PBXVariantGroup section */

/* Begin XCBuildConfiguration section */
		C78C05C5275BA67A005DB0DE /* Debug */ = {
			isa = XCBuildConfiguration;
			buildSettings = {
				ASSETCATALOG_COMPILER_APPICON_NAME = AppIcon;
				ASSETCATALOG_COMPILER_GLOBAL_ACCENT_COLOR_NAME = AccentColor;
				CODE_SIGN_ENTITLEMENTS = BarCodeDemo/BarCodeDemo.entitlements;
				CODE_SIGN_STYLE = Automatic;
				COMBINE_HIDPI_IMAGES = YES;
				CURRENT_PROJECT_VERSION = 1;
				GENERATE_INFOPLIST_FILE = YES;
				INFOPLIST_KEY_NSHumanReadableCopyright = "";
				INFOPLIST_KEY_NSMainStoryboardFile = Main;
				INFOPLIST_KEY_NSPrincipalClass = NSApplication;
				LD_RUNPATH_SEARCH_PATHS = (
					"$(inherited)",
					"@executable_path/../Frameworks",
				);
				MACOSX_DEPLOYMENT_TARGET = 11.3;
				MARKETING_VERSION = 1.0;
				PRODUCT_BUNDLE_IDENTIFIER = ayong.BarCodeDemo;
				PRODUCT_NAME = "$(TARGET_NAME)";
				SWIFT_EMIT_LOC_STRINGS = YES;
				SWIFT_VERSION = 5.0;
			};
			name = Debug;
		};
		C78C05C6275BA67A005DB0DE /* Release */ = {
			isa = XCBuildConfiguration;
			buildSettings = {
				ASSETCATALOG_COMPILER_APPICON_NAME = AppIcon;
				ASSETCATALOG_COMPILER_GLOBAL_ACCENT_COLOR_NAME = AccentColor;
				CODE_SIGN_ENTITLEMENTS = BarCodeDemo/BarCodeDemo.entitlements;
				CODE_SIGN_STYLE = Automatic;
				COMBINE_HIDPI_IMAGES = YES;
				CURRENT_PROJECT_VERSION = 1;
				GENERATE_INFOPLIST_FILE = YES;
				INFOPLIST_KEY_NSHumanReadableCopyright = "";
				INFOPLIST_KEY_NSMainStoryboardFile = Main;
				INFOPLIST_KEY_NSPrincipalClass = NSApplication;
				LD_RUNPATH_SEARCH_PATHS = (
					"$(inherited)",
					"@executable_path/../Frameworks",
				);
				MACOSX_DEPLOYMENT_TARGET = 11.3;
				MARKETING_VERSION = 1.0;
				PRODUCT_BUNDLE_IDENTIFIER = ayong.BarCodeDemo;
				PRODUCT_NAME = "$(TARGET_NAME)";
				SWIFT_EMIT_LOC_STRINGS = YES;
				SWIFT_VERSION = 5.0;
			};
			name = Release;
		};
		C78C05D3275BA7F9005DB0DE /* Debug */ = {
			isa = XCBuildConfiguration;
			buildSettings = {
				CODE_SIGN_STYLE = Automatic;
				MACOSX_DEPLOYMENT_TARGET = 11.3;
				PRODUCT_NAME = "$(TARGET_NAME)";
				SWIFT_VERSION = 5.0;
			};
			name = Debug;
		};
		C78C05D4275BA7F9005DB0DE /* Release */ = {
			isa = XCBuildConfiguration;
			buildSettings = {
				CODE_SIGN_STYLE = Automatic;
				MACOSX_DEPLOYMENT_TARGET = 11.3;
				PRODUCT_NAME = "$(TARGET_NAME)";
				SWIFT_VERSION = 5.0;
			};
			name = Release;
		};
		CEC1DCA62741F2B800B6CAC4 /* Debug */ = {
			isa = XCBuildConfiguration;
			buildSettings = {
				ALWAYS_SEARCH_USER_PATHS = NO;
				CLANG_ANALYZER_NONNULL = YES;
				CLANG_ANALYZER_NUMBER_OBJECT_CONVERSION = YES_AGGRESSIVE;
				CLANG_CXX_LANGUAGE_STANDARD = "gnu++17";
				CLANG_CXX_LIBRARY = "libc++";
				CLANG_ENABLE_MODULES = YES;
				CLANG_ENABLE_OBJC_ARC = YES;
				CLANG_ENABLE_OBJC_WEAK = YES;
				CLANG_WARN_BLOCK_CAPTURE_AUTORELEASING = YES;
				CLANG_WARN_BOOL_CONVERSION = YES;
				CLANG_WARN_COMMA = YES;
				CLANG_WARN_CONSTANT_CONVERSION = YES;
				CLANG_WARN_DEPRECATED_OBJC_IMPLEMENTATIONS = YES;
				CLANG_WARN_DIRECT_OBJC_ISA_USAGE = YES_ERROR;
				CLANG_WARN_DOCUMENTATION_COMMENTS = YES;
				CLANG_WARN_EMPTY_BODY = YES;
				CLANG_WARN_ENUM_CONVERSION = YES;
				CLANG_WARN_INFINITE_RECURSION = YES;
				CLANG_WARN_INT_CONVERSION = YES;
				CLANG_WARN_NON_LITERAL_NULL_CONVERSION = YES;
				CLANG_WARN_OBJC_IMPLICIT_RETAIN_SELF = YES;
				CLANG_WARN_OBJC_LITERAL_CONVERSION = YES;
				CLANG_WARN_OBJC_ROOT_CLASS = YES_ERROR;
				CLANG_WARN_QUOTED_INCLUDE_IN_FRAMEWORK_HEADER = YES;
				CLANG_WARN_RANGE_LOOP_ANALYSIS = YES;
				CLANG_WARN_STRICT_PROTOTYPES = YES;
				CLANG_WARN_SUSPICIOUS_MOVE = YES;
				CLANG_WARN_UNGUARDED_AVAILABILITY = YES_AGGRESSIVE;
				CLANG_WARN_UNREACHABLE_CODE = YES;
				CLANG_WARN__DUPLICATE_METHOD_MATCH = YES;
				COPY_PHASE_STRIP = NO;
				DEBUG_INFORMATION_FORMAT = dwarf;
				ENABLE_STRICT_OBJC_MSGSEND = YES;
				ENABLE_TESTABILITY = YES;
				GCC_C_LANGUAGE_STANDARD = gnu11;
				GCC_DYNAMIC_NO_PIC = NO;
				GCC_NO_COMMON_BLOCKS = YES;
				GCC_OPTIMIZATION_LEVEL = 0;
				GCC_PREPROCESSOR_DEFINITIONS = (
					"DEBUG=1",
					"$(inherited)",
				);
				GCC_WARN_64_TO_32_BIT_CONVERSION = YES;
				GCC_WARN_ABOUT_RETURN_TYPE = YES_ERROR;
				GCC_WARN_UNDECLARED_SELECTOR = YES;
				GCC_WARN_UNINITIALIZED_AUTOS = YES_AGGRESSIVE;
				GCC_WARN_UNUSED_FUNCTION = YES;
				GCC_WARN_UNUSED_VARIABLE = YES;
				MACOSX_DEPLOYMENT_TARGET = 11.5;
				MTL_ENABLE_DEBUG_INFO = INCLUDE_SOURCE;
				MTL_FAST_MATH = YES;
				ONLY_ACTIVE_ARCH = YES;
				SDKROOT = macosx;
				SWIFT_ACTIVE_COMPILATION_CONDITIONS = DEBUG;
				SWIFT_OPTIMIZATION_LEVEL = "-Onone";
			};
			name = Debug;
		};
		CEC1DCA72741F2B800B6CAC4 /* Release */ = {
			isa = XCBuildConfiguration;
			buildSettings = {
				ALWAYS_SEARCH_USER_PATHS = NO;
				CLANG_ANALYZER_NONNULL = YES;
				CLANG_ANALYZER_NUMBER_OBJECT_CONVERSION = YES_AGGRESSIVE;
				CLANG_CXX_LANGUAGE_STANDARD = "gnu++17";
				CLANG_CXX_LIBRARY = "libc++";
				CLANG_ENABLE_MODULES = YES;
				CLANG_ENABLE_OBJC_ARC = YES;
				CLANG_ENABLE_OBJC_WEAK = YES;
				CLANG_WARN_BLOCK_CAPTURE_AUTORELEASING = YES;
				CLANG_WARN_BOOL_CONVERSION = YES;
				CLANG_WARN_COMMA = YES;
				CLANG_WARN_CONSTANT_CONVERSION = YES;
				CLANG_WARN_DEPRECATED_OBJC_IMPLEMENTATIONS = YES;
				CLANG_WARN_DIRECT_OBJC_ISA_USAGE = YES_ERROR;
				CLANG_WARN_DOCUMENTATION_COMMENTS = YES;
				CLANG_WARN_EMPTY_BODY = YES;
				CLANG_WARN_ENUM_CONVERSION = YES;
				CLANG_WARN_INFINITE_RECURSION = YES;
				CLANG_WARN_INT_CONVERSION = YES;
				CLANG_WARN_NON_LITERAL_NULL_CONVERSION = YES;
				CLANG_WARN_OBJC_IMPLICIT_RETAIN_SELF = YES;
				CLANG_WARN_OBJC_LITERAL_CONVERSION = YES;
				CLANG_WARN_OBJC_ROOT_CLASS = YES_ERROR;
				CLANG_WARN_QUOTED_INCLUDE_IN_FRAMEWORK_HEADER = YES;
				CLANG_WARN_RANGE_LOOP_ANALYSIS = YES;
				CLANG_WARN_STRICT_PROTOTYPES = YES;
				CLANG_WARN_SUSPICIOUS_MOVE = YES;
				CLANG_WARN_UNGUARDED_AVAILABILITY = YES_AGGRESSIVE;
				CLANG_WARN_UNREACHABLE_CODE = YES;
				CLANG_WARN__DUPLICATE_METHOD_MATCH = YES;
				COPY_PHASE_STRIP = NO;
				DEBUG_INFORMATION_FORMAT = "dwarf-with-dsym";
				ENABLE_NS_ASSERTIONS = NO;
				ENABLE_STRICT_OBJC_MSGSEND = YES;
				GCC_C_LANGUAGE_STANDARD = gnu11;
				GCC_NO_COMMON_BLOCKS = YES;
				GCC_WARN_64_TO_32_BIT_CONVERSION = YES;
				GCC_WARN_ABOUT_RETURN_TYPE = YES_ERROR;
				GCC_WARN_UNDECLARED_SELECTOR = YES;
				GCC_WARN_UNINITIALIZED_AUTOS = YES_AGGRESSIVE;
				GCC_WARN_UNUSED_FUNCTION = YES;
				GCC_WARN_UNUSED_VARIABLE = YES;
				MACOSX_DEPLOYMENT_TARGET = 11.5;
				MTL_ENABLE_DEBUG_INFO = NO;
				MTL_FAST_MATH = YES;
				SDKROOT = macosx;
				SWIFT_COMPILATION_MODE = wholemodule;
				SWIFT_OPTIMIZATION_LEVEL = "-O";
			};
			name = Release;
		};
		CEC1DCA92741F2B800B6CAC4 /* Debug */ = {
			isa = XCBuildConfiguration;
			buildSettings = {
				CODE_SIGN_STYLE = Automatic;
				PRODUCT_NAME = "$(TARGET_NAME)";
				SWIFT_VERSION = 5.0;
			};
			name = Debug;
		};
		CEC1DCAA2741F2B800B6CAC4 /* Release */ = {
			isa = XCBuildConfiguration;
			buildSettings = {
				CODE_SIGN_STYLE = Automatic;
				PRODUCT_NAME = "$(TARGET_NAME)";
				SWIFT_VERSION = 5.0;
			};
			name = Release;
		};
/* End XCBuildConfiguration section */

/* Begin XCConfigurationList section */
		C78C05C4275BA67A005DB0DE /* Build configuration list for PBXNativeTarget "BarCodeDemo" */ = {
			isa = XCConfigurationList;
			buildConfigurations = (
				C78C05C5275BA67A005DB0DE /* Debug */,
				C78C05C6275BA67A005DB0DE /* Release */,
			);
			defaultConfigurationIsVisible = 0;
			defaultConfigurationName = Release;
		};
		C78C05D2275BA7F9005DB0DE /* Build configuration list for PBXNativeTarget "BarCodeCommandLine" */ = {
			isa = XCConfigurationList;
			buildConfigurations = (
				C78C05D3275BA7F9005DB0DE /* Debug */,
				C78C05D4275BA7F9005DB0DE /* Release */,
			);
			defaultConfigurationIsVisible = 0;
			defaultConfigurationName = Release;
		};
		CEC1DC9C2741F2B800B6CAC4 /* Build configuration list for PBXProject "BarCode" */ = {
			isa = XCConfigurationList;
			buildConfigurations = (
				CEC1DCA62741F2B800B6CAC4 /* Debug */,
				CEC1DCA72741F2B800B6CAC4 /* Release */,
			);
			defaultConfigurationIsVisible = 0;
			defaultConfigurationName = Release;
		};
/* End XCConfigurationList section */
	};
	rootObject = CEC1DC992741F2B800B6CAC4 /* Project object */;
}
