// !$*UTF8*$!
{
	archiveVersion = 1;
	classes = {
	};
	objectVersion = 55;
	objects = {

/* Begin PBXBuildFile section */
		2EB0B91F957F9AC47229CDD9 /* Pods_BarCodeDemo_iOS.framework in Frameworks */ = {isa = PBXBuildFile; fileRef = 8FFA1D51E4B3876326956E48 /* Pods_BarCodeDemo_iOS.framework */; };
		5C8F1AA4EE830A7DF258C693 /* Pods_BarCodeDemo_Mac.framework in Frameworks */ = {isa = PBXBuildFile; fileRef = 4F495A6F4973A92F3EFCEA17 /* Pods_BarCodeDemo_Mac.framework */; };
		8E941C25B16461D00266796E /* Pods_BarCodeCommandLine.framework in Frameworks */ = {isa = PBXBuildFile; fileRef = B5A2CE7B8D142B12E46FEEAA /* Pods_BarCodeCommandLine.framework */; };
		C74805DA275BAE6E00740288 /* AppDelegate.swift in Sources */ = {isa = PBXBuildFile; fileRef = C74805D9275BAE6E00740288 /* AppDelegate.swift */; };
		C74805DC275BAE6E00740288 /* SceneDelegate.swift in Sources */ = {isa = PBXBuildFile; fileRef = C74805DB275BAE6E00740288 /* SceneDelegate.swift */; };
		C74805DE275BAE6E00740288 /* UPCVC.swift in Sources */ = {isa = PBXBuildFile; fileRef = C74805DD275BAE6E00740288 /* UPCVC.swift */; };
		C74805E1275BAE6E00740288 /* Main.storyboard in Resources */ = {isa = PBXBuildFile; fileRef = C74805DF275BAE6E00740288 /* Main.storyboard */; };
		C74805E3275BAE7100740288 /* Assets.xcassets in Resources */ = {isa = PBXBuildFile; fileRef = C74805E2275BAE7100740288 /* Assets.xcassets */; };
		C74805E6275BAE7100740288 /* LaunchScreen.storyboard in Resources */ = {isa = PBXBuildFile; fileRef = C74805E4275BAE7100740288 /* LaunchScreen.storyboard */; };
		C78BFAA8275BB2A100CA7F5B /* main.swift in Sources */ = {isa = PBXBuildFile; fileRef = C78BFAA7275BB2A100CA7F5B /* main.swift */; };
		C78BFAB3275BB3D600CA7F5B /* AppDelegate.swift in Sources */ = {isa = PBXBuildFile; fileRef = C78BFAB2275BB3D600CA7F5B /* AppDelegate.swift */; };
		C78BFAB5275BB3D600CA7F5B /* ViewController.swift in Sources */ = {isa = PBXBuildFile; fileRef = C78BFAB4275BB3D600CA7F5B /* ViewController.swift */; };
		C78BFAB7275BB3D700CA7F5B /* Assets.xcassets in Resources */ = {isa = PBXBuildFile; fileRef = C78BFAB6275BB3D700CA7F5B /* Assets.xcassets */; };
		C78BFABA275BB3D700CA7F5B /* Main.storyboard in Resources */ = {isa = PBXBuildFile; fileRef = C78BFAB8275BB3D700CA7F5B /* Main.storyboard */; };
		C7D6C154277DEAF000762CD1 /* HomeVC.swift in Sources */ = {isa = PBXBuildFile; fileRef = C7D6C153277DEAF000762CD1 /* HomeVC.swift */; };
/* End PBXBuildFile section */

/* Begin PBXCopyFilesBuildPhase section */
		C78BFAA3275BB2A100CA7F5B /* CopyFiles */ = {
			isa = PBXCopyFilesBuildPhase;
			buildActionMask = 2147483647;
			dstPath = /usr/share/man/man1/;
			dstSubfolderSpec = 0;
			files = (
			);
			runOnlyForDeploymentPostprocessing = 1;
		};
/* End PBXCopyFilesBuildPhase section */

/* Begin PBXFileReference section */
		0538F76A7B23ECA12EFC1A47 /* Pods-BarCodeDemo-Mac.release.xcconfig */ = {isa = PBXFileReference; includeInIndex = 1; lastKnownFileType = text.xcconfig; name = "Pods-BarCodeDemo-Mac.release.xcconfig"; path = "Target Support Files/Pods-BarCodeDemo-Mac/Pods-BarCodeDemo-Mac.release.xcconfig"; sourceTree = "<group>"; };
		0D289A981EAC8863B85BE1FD /* Pods-BarCodeCommandLine.debug.xcconfig */ = {isa = PBXFileReference; includeInIndex = 1; lastKnownFileType = text.xcconfig; name = "Pods-BarCodeCommandLine.debug.xcconfig"; path = "Target Support Files/Pods-BarCodeCommandLine/Pods-BarCodeCommandLine.debug.xcconfig"; sourceTree = "<group>"; };
		2715F25935049BCF6892A536 /* Pods-BarCodeDemo-Mac.debug.xcconfig */ = {isa = PBXFileReference; includeInIndex = 1; lastKnownFileType = text.xcconfig; name = "Pods-BarCodeDemo-Mac.debug.xcconfig"; path = "Target Support Files/Pods-BarCodeDemo-Mac/Pods-BarCodeDemo-Mac.debug.xcconfig"; sourceTree = "<group>"; };
		37E4371EBCC6F3DD7E58CD54 /* Pods-BarCodeDemo-iOS.release.xcconfig */ = {isa = PBXFileReference; includeInIndex = 1; lastKnownFileType = text.xcconfig; name = "Pods-BarCodeDemo-iOS.release.xcconfig"; path = "Target Support Files/Pods-BarCodeDemo-iOS/Pods-BarCodeDemo-iOS.release.xcconfig"; sourceTree = "<group>"; };
		4F495A6F4973A92F3EFCEA17 /* Pods_BarCodeDemo_Mac.framework */ = {isa = PBXFileReference; explicitFileType = wrapper.framework; includeInIndex = 0; path = Pods_BarCodeDemo_Mac.framework; sourceTree = BUILT_PRODUCTS_DIR; };
		8FFA1D51E4B3876326956E48 /* Pods_BarCodeDemo_iOS.framework */ = {isa = PBXFileReference; explicitFileType = wrapper.framework; includeInIndex = 0; path = Pods_BarCodeDemo_iOS.framework; sourceTree = BUILT_PRODUCTS_DIR; };
		916A8C560C199C29D4D5D174 /* Pods-BarCodeCommandLine.release.xcconfig */ = {isa = PBXFileReference; includeInIndex = 1; lastKnownFileType = text.xcconfig; name = "Pods-BarCodeCommandLine.release.xcconfig"; path = "Target Support Files/Pods-BarCodeCommandLine/Pods-BarCodeCommandLine.release.xcconfig"; sourceTree = "<group>"; };
		9815F978D592D6805ECC29D1 /* Pods-BarCodeDemo-iOS.debug.xcconfig */ = {isa = PBXFileReference; includeInIndex = 1; lastKnownFileType = text.xcconfig; name = "Pods-BarCodeDemo-iOS.debug.xcconfig"; path = "Target Support Files/Pods-BarCodeDemo-iOS/Pods-BarCodeDemo-iOS.debug.xcconfig"; sourceTree = "<group>"; };
		B5A2CE7B8D142B12E46FEEAA /* Pods_BarCodeCommandLine.framework */ = {isa = PBXFileReference; explicitFileType = wrapper.framework; includeInIndex = 0; path = Pods_BarCodeCommandLine.framework; sourceTree = BUILT_PRODUCTS_DIR; };
		C74805D7275BAE6E00740288 /* BarCodeDemo-iOS.app */ = {isa = PBXFileReference; explicitFileType = wrapper.application; includeInIndex = 0; path = "BarCodeDemo-iOS.app"; sourceTree = BUILT_PRODUCTS_DIR; };
		C74805D9275BAE6E00740288 /* AppDelegate.swift */ = {isa = PBXFileReference; lastKnownFileType = sourcecode.swift; path = AppDelegate.swift; sourceTree = "<group>"; };
		C74805DB275BAE6E00740288 /* SceneDelegate.swift */ = {isa = PBXFileReference; lastKnownFileType = sourcecode.swift; path = SceneDelegate.swift; sourceTree = "<group>"; };
		C74805DD275BAE6E00740288 /* UPCVC.swift */ = {isa = PBXFileReference; lastKnownFileType = sourcecode.swift; path = UPCVC.swift; sourceTree = "<group>"; };
		C74805E0275BAE6E00740288 /* Base */ = {isa = PBXFileReference; lastKnownFileType = file.storyboard; name = Base; path = Base.lproj/Main.storyboard; sourceTree = "<group>"; };
		C74805E2275BAE7100740288 /* Assets.xcassets */ = {isa = PBXFileReference; lastKnownFileType = folder.assetcatalog; path = Assets.xcassets; sourceTree = "<group>"; };
		C74805E5275BAE7100740288 /* Base */ = {isa = PBXFileReference; lastKnownFileType = file.storyboard; name = Base; path = Base.lproj/LaunchScreen.storyboard; sourceTree = "<group>"; };
		C74805E7275BAE7100740288 /* Info.plist */ = {isa = PBXFileReference; lastKnownFileType = text.plist.xml; path = Info.plist; sourceTree = "<group>"; };
		C78BFAA5275BB2A100CA7F5B /* BarCodeCommandLine */ = {isa = PBXFileReference; explicitFileType = "compiled.mach-o.executable"; includeInIndex = 0; path = BarCodeCommandLine; sourceTree = BUILT_PRODUCTS_DIR; };
		C78BFAA7275BB2A100CA7F5B /* main.swift */ = {isa = PBXFileReference; lastKnownFileType = sourcecode.swift; path = main.swift; sourceTree = "<group>"; };
		C78BFAB0275BB3D600CA7F5B /* BarCodeDemo-Mac.app */ = {isa = PBXFileReference; explicitFileType = wrapper.application; includeInIndex = 0; path = "BarCodeDemo-Mac.app"; sourceTree = BUILT_PRODUCTS_DIR; };
		C78BFAB2275BB3D600CA7F5B /* AppDelegate.swift */ = {isa = PBXFileReference; lastKnownFileType = sourcecode.swift; path = AppDelegate.swift; sourceTree = "<group>"; };
		C78BFAB4275BB3D600CA7F5B /* ViewController.swift */ = {isa = PBXFileReference; lastKnownFileType = sourcecode.swift; path = ViewController.swift; sourceTree = "<group>"; };
		C78BFAB6275BB3D700CA7F5B /* Assets.xcassets */ = {isa = PBXFileReference; lastKnownFileType = folder.assetcatalog; path = Assets.xcassets; sourceTree = "<group>"; };
		C78BFAB9275BB3D700CA7F5B /* Base */ = {isa = PBXFileReference; lastKnownFileType = file.storyboard; name = Base; path = Base.lproj/Main.storyboard; sourceTree = "<group>"; };
		C78BFABB275BB3D700CA7F5B /* BarCodeDemo_Mac.entitlements */ = {isa = PBXFileReference; lastKnownFileType = text.plist.entitlements; path = BarCodeDemo_Mac.entitlements; sourceTree = "<group>"; };
		C7D6C153277DEAF000762CD1 /* HomeVC.swift */ = {isa = PBXFileReference; lastKnownFileType = sourcecode.swift; path = HomeVC.swift; sourceTree = "<group>"; };
/* End PBXFileReference section */

/* Begin PBXFrameworksBuildPhase section */
		C74805D4275BAE6E00740288 /* Frameworks */ = {
			isa = PBXFrameworksBuildPhase;
			buildActionMask = 2147483647;
			files = (
				2EB0B91F957F9AC47229CDD9 /* Pods_BarCodeDemo_iOS.framework in Frameworks */,
			);
			runOnlyForDeploymentPostprocessing = 0;
		};
		C78BFAA2275BB2A100CA7F5B /* Frameworks */ = {
			isa = PBXFrameworksBuildPhase;
			buildActionMask = 2147483647;
			files = (
				8E941C25B16461D00266796E /* Pods_BarCodeCommandLine.framework in Frameworks */,
			);
			runOnlyForDeploymentPostprocessing = 0;
		};
		C78BFAAD275BB3D600CA7F5B /* Frameworks */ = {
			isa = PBXFrameworksBuildPhase;
			buildActionMask = 2147483647;
			files = (
				5C8F1AA4EE830A7DF258C693 /* Pods_BarCodeDemo_Mac.framework in Frameworks */,
			);
			runOnlyForDeploymentPostprocessing = 0;
		};
/* End PBXFrameworksBuildPhase section */

/* Begin PBXGroup section */
		AA1223745F8FEFA4DFA2EF57 /* Pods */ = {
			isa = PBXGroup;
			children = (
				0D289A981EAC8863B85BE1FD /* Pods-BarCodeCommandLine.debug.xcconfig */,
				916A8C560C199C29D4D5D174 /* Pods-BarCodeCommandLine.release.xcconfig */,
				2715F25935049BCF6892A536 /* Pods-BarCodeDemo-Mac.debug.xcconfig */,
				0538F76A7B23ECA12EFC1A47 /* Pods-BarCodeDemo-Mac.release.xcconfig */,
				9815F978D592D6805ECC29D1 /* Pods-BarCodeDemo-iOS.debug.xcconfig */,
				37E4371EBCC6F3DD7E58CD54 /* Pods-BarCodeDemo-iOS.release.xcconfig */,
			);
			path = Pods;
			sourceTree = "<group>";
		};
		AF87E870628088C853DE6193 /* Frameworks */ = {
			isa = PBXGroup;
			children = (
				B5A2CE7B8D142B12E46FEEAA /* Pods_BarCodeCommandLine.framework */,
				4F495A6F4973A92F3EFCEA17 /* Pods_BarCodeDemo_Mac.framework */,
				8FFA1D51E4B3876326956E48 /* Pods_BarCodeDemo_iOS.framework */,
			);
			name = Frameworks;
			sourceTree = "<group>";
		};
		C74805D8275BAE6E00740288 /* BarCodeDemo-iOS */ = {
			isa = PBXGroup;
			children = (
				C74805D9275BAE6E00740288 /* AppDelegate.swift */,
				C74805DB275BAE6E00740288 /* SceneDelegate.swift */,
				C7D6C153277DEAF000762CD1 /* HomeVC.swift */,
				C74805DD275BAE6E00740288 /* UPCVC.swift */,
				C74805DF275BAE6E00740288 /* Main.storyboard */,
				C74805E2275BAE7100740288 /* Assets.xcassets */,
				C74805E4275BAE7100740288 /* LaunchScreen.storyboard */,
				C74805E7275BAE7100740288 /* Info.plist */,
			);
			path = "BarCodeDemo-iOS";
			sourceTree = "<group>";
		};
		C78BFAA6275BB2A100CA7F5B /* BarCodeCommandLine */ = {
			isa = PBXGroup;
			children = (
				C78BFAA7275BB2A100CA7F5B /* main.swift */,
			);
			path = BarCodeCommandLine;
			sourceTree = "<group>";
		};
		C78BFAB1275BB3D600CA7F5B /* BarCodeDemo-Mac */ = {
			isa = PBXGroup;
			children = (
				C78BFAB2275BB3D600CA7F5B /* AppDelegate.swift */,
				C78BFAB4275BB3D600CA7F5B /* ViewController.swift */,
				C78BFAB6275BB3D700CA7F5B /* Assets.xcassets */,
				C78BFAB8275BB3D700CA7F5B /* Main.storyboard */,
				C78BFABB275BB3D700CA7F5B /* BarCodeDemo_Mac.entitlements */,
			);
			path = "BarCodeDemo-Mac";
			sourceTree = "<group>";
		};
		CEC1DC982741F2B800B6CAC4 = {
			isa = PBXGroup;
			children = (
				C74805D8275BAE6E00740288 /* BarCodeDemo-iOS */,
				C78BFAA6275BB2A100CA7F5B /* BarCodeCommandLine */,
				C78BFAB1275BB3D600CA7F5B /* BarCodeDemo-Mac */,
				CEC1DCA22741F2B800B6CAC4 /* Products */,
				AA1223745F8FEFA4DFA2EF57 /* Pods */,
				AF87E870628088C853DE6193 /* Frameworks */,
			);
			sourceTree = "<group>";
		};
		CEC1DCA22741F2B800B6CAC4 /* Products */ = {
			isa = PBXGroup;
			children = (
				C74805D7275BAE6E00740288 /* BarCodeDemo-iOS.app */,
				C78BFAA5275BB2A100CA7F5B /* BarCodeCommandLine */,
				C78BFAB0275BB3D600CA7F5B /* BarCodeDemo-Mac.app */,
			);
			name = Products;
			sourceTree = "<group>";
		};
/* End PBXGroup section */

/* Begin PBXNativeTarget section */
		C74805D6275BAE6E00740288 /* BarCodeDemo-iOS */ = {
			isa = PBXNativeTarget;
			buildConfigurationList = C74805EA275BAE7100740288 /* Build configuration list for PBXNativeTarget "BarCodeDemo-iOS" */;
			buildPhases = (
				C68F5F6679CBB146AE6175F2 /* [CP] Check Pods Manifest.lock */,
				C74805D3275BAE6E00740288 /* Sources */,
				C74805D4275BAE6E00740288 /* Frameworks */,
				C74805D5275BAE6E00740288 /* Resources */,
				FCE31688B6B25AF7A75667DB /* [CP] Embed Pods Frameworks */,
			);
			buildRules = (
			);
			dependencies = (
			);
			name = "BarCodeDemo-iOS";
			productName = "BarCodeDemo-iOS";
			productReference = C74805D7275BAE6E00740288 /* BarCodeDemo-iOS.app */;
			productType = "com.apple.product-type.application";
		};
		C78BFAA4275BB2A100CA7F5B /* BarCodeCommandLine */ = {
			isa = PBXNativeTarget;
			buildConfigurationList = C78BFAA9275BB2A100CA7F5B /* Build configuration list for PBXNativeTarget "BarCodeCommandLine" */;
			buildPhases = (
				5C26E65DB3F67AB8FCF8518C /* [CP] Check Pods Manifest.lock */,
				C78BFAA1275BB2A100CA7F5B /* Sources */,
				C78BFAA2275BB2A100CA7F5B /* Frameworks */,
				C78BFAA3275BB2A100CA7F5B /* CopyFiles */,
			);
			buildRules = (
			);
			dependencies = (
			);
			name = BarCodeCommandLine;
			productName = BarCodeCommandLine;
			productReference = C78BFAA5275BB2A100CA7F5B /* BarCodeCommandLine */;
			productType = "com.apple.product-type.tool";
		};
		C78BFAAF275BB3D600CA7F5B /* BarCodeDemo-Mac */ = {
			isa = PBXNativeTarget;
			buildConfigurationList = C78BFABE275BB3D700CA7F5B /* Build configuration list for PBXNativeTarget "BarCodeDemo-Mac" */;
			buildPhases = (
				F8626D65A0ED84A36B56719D /* [CP] Check Pods Manifest.lock */,
				C78BFAAC275BB3D600CA7F5B /* Sources */,
				C78BFAAD275BB3D600CA7F5B /* Frameworks */,
				C78BFAAE275BB3D600CA7F5B /* Resources */,
				BA1784451C3859B2402CED1D /* [CP] Embed Pods Frameworks */,
			);
			buildRules = (
			);
			dependencies = (
			);
			name = "BarCodeDemo-Mac";
			productName = "BarCodeDemo-Mac";
			productReference = C78BFAB0275BB3D600CA7F5B /* BarCodeDemo-Mac.app */;
			productType = "com.apple.product-type.application";
		};
/* End PBXNativeTarget section */

/* Begin PBXProject section */
		CEC1DC992741F2B800B6CAC4 /* Project object */ = {
			isa = PBXProject;
			attributes = {
				BuildIndependentTargetsInParallel = 1;
				LastSwiftUpdateCheck = 1300;
				LastUpgradeCheck = 1310;
				TargetAttributes = {
					C74805D6275BAE6E00740288 = {
						CreatedOnToolsVersion = 13.0;
					};
					C78BFAA4275BB2A100CA7F5B = {
						CreatedOnToolsVersion = 13.0;
					};
					C78BFAAF275BB3D600CA7F5B = {
						CreatedOnToolsVersion = 13.0;
					};
				};
			};
			buildConfigurationList = CEC1DC9C2741F2B800B6CAC4 /* Build configuration list for PBXProject "BarCode" */;
			compatibilityVersion = "Xcode 13.0";
			developmentRegion = en;
			hasScannedForEncodings = 0;
			knownRegions = (
				en,
				Base,
			);
			mainGroup = CEC1DC982741F2B800B6CAC4;
			productRefGroup = CEC1DCA22741F2B800B6CAC4 /* Products */;
			projectDirPath = "";
			projectRoot = "";
			targets = (
				C74805D6275BAE6E00740288 /* BarCodeDemo-iOS */,
				C78BFAA4275BB2A100CA7F5B /* BarCodeCommandLine */,
				C78BFAAF275BB3D600CA7F5B /* BarCodeDemo-Mac */,
			);
		};
/* End PBXProject section */

/* Begin PBXResourcesBuildPhase section */
		C74805D5275BAE6E00740288 /* Resources */ = {
			isa = PBXResourcesBuildPhase;
			buildActionMask = 2147483647;
			files = (
				C74805E6275BAE7100740288 /* LaunchScreen.storyboard in Resources */,
				C74805E3275BAE7100740288 /* Assets.xcassets in Resources */,
				C74805E1275BAE6E00740288 /* Main.storyboard in Resources */,
			);
			runOnlyForDeploymentPostprocessing = 0;
		};
		C78BFAAE275BB3D600CA7F5B /* Resources */ = {
			isa = PBXResourcesBuildPhase;
			buildActionMask = 2147483647;
			files = (
				C78BFAB7275BB3D700CA7F5B /* Assets.xcassets in Resources */,
				C78BFABA275BB3D700CA7F5B /* Main.storyboard in Resources */,
			);
			runOnlyForDeploymentPostprocessing = 0;
		};
/* End PBXResourcesBuildPhase section */

/* Begin PBXShellScriptBuildPhase section */
		5C26E65DB3F67AB8FCF8518C /* [CP] Check Pods Manifest.lock */ = {
			isa = PBXShellScriptBuildPhase;
			buildActionMask = 2147483647;
			files = (
			);
			inputFileListPaths = (
			);
			inputPaths = (
				"${PODS_PODFILE_DIR_PATH}/Podfile.lock",
				"${PODS_ROOT}/Manifest.lock",
			);
			name = "[CP] Check Pods Manifest.lock";
			outputFileListPaths = (
			);
			outputPaths = (
				"$(DERIVED_FILE_DIR)/Pods-BarCodeCommandLine-checkManifestLockResult.txt",
			);
			runOnlyForDeploymentPostprocessing = 0;
			shellPath = /bin/sh;
			shellScript = "diff \"${PODS_PODFILE_DIR_PATH}/Podfile.lock\" \"${PODS_ROOT}/Manifest.lock\" > /dev/null\nif [ $? != 0 ] ; then\n    # print error to STDERR\n    echo \"error: The sandbox is not in sync with the Podfile.lock. Run 'pod install' or update your CocoaPods installation.\" >&2\n    exit 1\nfi\n# This output is used by Xcode 'outputs' to avoid re-running this script phase.\necho \"SUCCESS\" > \"${SCRIPT_OUTPUT_FILE_0}\"\n";
			showEnvVarsInLog = 0;
		};
		BA1784451C3859B2402CED1D /* [CP] Embed Pods Frameworks */ = {
			isa = PBXShellScriptBuildPhase;
			buildActionMask = 2147483647;
			files = (
			);
			inputFileListPaths = (
				"${PODS_ROOT}/Target Support Files/Pods-BarCodeDemo-Mac/Pods-BarCodeDemo-Mac-frameworks-${CONFIGURATION}-input-files.xcfilelist",
			);
			name = "[CP] Embed Pods Frameworks";
			outputFileListPaths = (
				"${PODS_ROOT}/Target Support Files/Pods-BarCodeDemo-Mac/Pods-BarCodeDemo-Mac-frameworks-${CONFIGURATION}-output-files.xcfilelist",
			);
			runOnlyForDeploymentPostprocessing = 0;
			shellPath = /bin/sh;
			shellScript = "\"${PODS_ROOT}/Target Support Files/Pods-BarCodeDemo-Mac/Pods-BarCodeDemo-Mac-frameworks.sh\"\n";
			showEnvVarsInLog = 0;
		};
		C68F5F6679CBB146AE6175F2 /* [CP] Check Pods Manifest.lock */ = {
			isa = PBXShellScriptBuildPhase;
			buildActionMask = 2147483647;
			files = (
			);
			inputFileListPaths = (
			);
			inputPaths = (
				"${PODS_PODFILE_DIR_PATH}/Podfile.lock",
				"${PODS_ROOT}/Manifest.lock",
			);
			name = "[CP] Check Pods Manifest.lock";
			outputFileListPaths = (
			);
			outputPaths = (
				"$(DERIVED_FILE_DIR)/Pods-BarCodeDemo-iOS-checkManifestLockResult.txt",
			);
			runOnlyForDeploymentPostprocessing = 0;
			shellPath = /bin/sh;
			shellScript = "diff \"${PODS_PODFILE_DIR_PATH}/Podfile.lock\" \"${PODS_ROOT}/Manifest.lock\" > /dev/null\nif [ $? != 0 ] ; then\n    # print error to STDERR\n    echo \"error: The sandbox is not in sync with the Podfile.lock. Run 'pod install' or update your CocoaPods installation.\" >&2\n    exit 1\nfi\n# This output is used by Xcode 'outputs' to avoid re-running this script phase.\necho \"SUCCESS\" > \"${SCRIPT_OUTPUT_FILE_0}\"\n";
			showEnvVarsInLog = 0;
		};
		F8626D65A0ED84A36B56719D /* [CP] Check Pods Manifest.lock */ = {
			isa = PBXShellScriptBuildPhase;
			buildActionMask = 2147483647;
			files = (
			);
			inputFileListPaths = (
			);
			inputPaths = (
				"${PODS_PODFILE_DIR_PATH}/Podfile.lock",
				"${PODS_ROOT}/Manifest.lock",
			);
			name = "[CP] Check Pods Manifest.lock";
			outputFileListPaths = (
			);
			outputPaths = (
				"$(DERIVED_FILE_DIR)/Pods-BarCodeDemo-Mac-checkManifestLockResult.txt",
			);
			runOnlyForDeploymentPostprocessing = 0;
			shellPath = /bin/sh;
			shellScript = "diff \"${PODS_PODFILE_DIR_PATH}/Podfile.lock\" \"${PODS_ROOT}/Manifest.lock\" > /dev/null\nif [ $? != 0 ] ; then\n    # print error to STDERR\n    echo \"error: The sandbox is not in sync with the Podfile.lock. Run 'pod install' or update your CocoaPods installation.\" >&2\n    exit 1\nfi\n# This output is used by Xcode 'outputs' to avoid re-running this script phase.\necho \"SUCCESS\" > \"${SCRIPT_OUTPUT_FILE_0}\"\n";
			showEnvVarsInLog = 0;
		};
		FCE31688B6B25AF7A75667DB /* [CP] Embed Pods Frameworks */ = {
			isa = PBXShellScriptBuildPhase;
			buildActionMask = 2147483647;
			files = (
			);
			inputFileListPaths = (
				"${PODS_ROOT}/Target Support Files/Pods-BarCodeDemo-iOS/Pods-BarCodeDemo-iOS-frameworks-${CONFIGURATION}-input-files.xcfilelist",
			);
			name = "[CP] Embed Pods Frameworks";
			outputFileListPaths = (
				"${PODS_ROOT}/Target Support Files/Pods-BarCodeDemo-iOS/Pods-BarCodeDemo-iOS-frameworks-${CONFIGURATION}-output-files.xcfilelist",
			);
			runOnlyForDeploymentPostprocessing = 0;
			shellPath = /bin/sh;
			shellScript = "\"${PODS_ROOT}/Target Support Files/Pods-BarCodeDemo-iOS/Pods-BarCodeDemo-iOS-frameworks.sh\"\n";
			showEnvVarsInLog = 0;
		};
/* End PBXShellScriptBuildPhase section */

/* Begin PBXSourcesBuildPhase section */
		C74805D3275BAE6E00740288 /* Sources */ = {
			isa = PBXSourcesBuildPhase;
			buildActionMask = 2147483647;
			files = (
				C74805DE275BAE6E00740288 /* UPCVC.swift in Sources */,
				C7D6C154277DEAF000762CD1 /* HomeVC.swift in Sources */,
				C74805DA275BAE6E00740288 /* AppDelegate.swift in Sources */,
				C74805DC275BAE6E00740288 /* SceneDelegate.swift in Sources */,
			);
			runOnlyForDeploymentPostprocessing = 0;
		};
		C78BFAA1275BB2A100CA7F5B /* Sources */ = {
			isa = PBXSourcesBuildPhase;
			buildActionMask = 2147483647;
			files = (
				C78BFAA8275BB2A100CA7F5B /* main.swift in Sources */,
			);
			runOnlyForDeploymentPostprocessing = 0;
		};
		C78BFAAC275BB3D600CA7F5B /* Sources */ = {
			isa = PBXSourcesBuildPhase;
			buildActionMask = 2147483647;
			files = (
				C78BFAB5275BB3D600CA7F5B /* ViewController.swift in Sources */,
				C78BFAB3275BB3D600CA7F5B /* AppDelegate.swift in Sources */,
			);
			runOnlyForDeploymentPostprocessing = 0;
		};
/* End PBXSourcesBuildPhase section */

/* Begin PBXVariantGroup section */
		C74805DF275BAE6E00740288 /* Main.storyboard */ = {
			isa = PBXVariantGroup;
			children = (
				C74805E0275BAE6E00740288 /* Base */,
			);
			name = Main.storyboard;
			sourceTree = "<group>";
		};
		C74805E4275BAE7100740288 /* LaunchScreen.storyboard */ = {
			isa = PBXVariantGroup;
			children = (
				C74805E5275BAE7100740288 /* Base */,
			);
			name = LaunchScreen.storyboard;
			sourceTree = "<group>";
		};
		C78BFAB8275BB3D700CA7F5B /* Main.storyboard */ = {
			isa = PBXVariantGroup;
			children = (
				C78BFAB9275BB3D700CA7F5B /* Base */,
			);
			name = Main.storyboard;
			sourceTree = "<group>";
		};
/* End PBXVariantGroup section */

/* Begin XCBuildConfiguration section */
		C74805E8275BAE7100740288 /* Debug */ = {
			isa = XCBuildConfiguration;
			baseConfigurationReference = 9815F978D592D6805ECC29D1 /* Pods-BarCodeDemo-iOS.debug.xcconfig */;
			buildSettings = {
				ASSETCATALOG_COMPILER_APPICON_NAME = AppIcon;
				ASSETCATALOG_COMPILER_GLOBAL_ACCENT_COLOR_NAME = AccentColor;
				CODE_SIGN_STYLE = Automatic;
				CURRENT_PROJECT_VERSION = 1;
				GENERATE_INFOPLIST_FILE = YES;
				INFOPLIST_FILE = "BarCodeDemo-iOS/Info.plist";
				INFOPLIST_KEY_UIApplicationSupportsIndirectInputEvents = YES;
				INFOPLIST_KEY_UILaunchStoryboardName = LaunchScreen;
				INFOPLIST_KEY_UIMainStoryboardFile = Main;
				INFOPLIST_KEY_UISupportedInterfaceOrientations_iPad = "UIInterfaceOrientationPortrait UIInterfaceOrientationPortraitUpsideDown UIInterfaceOrientationLandscapeLeft UIInterfaceOrientationLandscapeRight";
				INFOPLIST_KEY_UISupportedInterfaceOrientations_iPhone = "UIInterfaceOrientationPortrait UIInterfaceOrientationLandscapeLeft UIInterfaceOrientationLandscapeRight";
				IPHONEOS_DEPLOYMENT_TARGET = 15.0;
				LD_RUNPATH_SEARCH_PATHS = (
					"$(inherited)",
					"@executable_path/../Frameworks",
					"@loader_path/Frameworks",
					"@executable_path/BarCode-9911e841/",
					"@executable_path/BarCode-aa0d81ae/",
					"@executable_path/BarCode-f47119f0/",
					"@executable_path/Pods-BarCodeCommandLine/",
					"@executable_path/Pods-BarCodeDemo-Mac/",
					"@executable_path/Pods-BarCodeDemo-iOS/",
				);
				MARKETING_VERSION = 1.0;
				PRODUCT_BUNDLE_IDENTIFIER = "ayong.BarCodeDemo-iOS";
				PRODUCT_NAME = "$(TARGET_NAME)";
				SDKROOT = iphoneos;
				SWIFT_EMIT_LOC_STRINGS = YES;
				SWIFT_VERSION = 5.0;
				TARGETED_DEVICE_FAMILY = "1,2";
			};
			name = Debug;
		};
		C74805E9275BAE7100740288 /* Release */ = {
			isa = XCBuildConfiguration;
			baseConfigurationReference = 37E4371EBCC6F3DD7E58CD54 /* Pods-BarCodeDemo-iOS.release.xcconfig */;
			buildSettings = {
				ASSETCATALOG_COMPILER_APPICON_NAME = AppIcon;
				ASSETCATALOG_COMPILER_GLOBAL_ACCENT_COLOR_NAME = AccentColor;
				CODE_SIGN_STYLE = Automatic;
				CURRENT_PROJECT_VERSION = 1;
				GENERATE_INFOPLIST_FILE = YES;
				INFOPLIST_FILE = "BarCodeDemo-iOS/Info.plist";
				INFOPLIST_KEY_UIApplicationSupportsIndirectInputEvents = YES;
				INFOPLIST_KEY_UILaunchStoryboardName = LaunchScreen;
				INFOPLIST_KEY_UIMainStoryboardFile = Main;
				INFOPLIST_KEY_UISupportedInterfaceOrientations_iPad = "UIInterfaceOrientationPortrait UIInterfaceOrientationPortraitUpsideDown UIInterfaceOrientationLandscapeLeft UIInterfaceOrientationLandscapeRight";
				INFOPLIST_KEY_UISupportedInterfaceOrientations_iPhone = "UIInterfaceOrientationPortrait UIInterfaceOrientationLandscapeLeft UIInterfaceOrientationLandscapeRight";
				IPHONEOS_DEPLOYMENT_TARGET = 15.0;
				LD_RUNPATH_SEARCH_PATHS = (
					"$(inherited)",
					"@executable_path/../Frameworks",
					"@loader_path/Frameworks",
					"@executable_path/BarCode-9911e841/",
					"@executable_path/BarCode-aa0d81ae/",
					"@executable_path/BarCode-f47119f0/",
					"@executable_path/Pods-BarCodeCommandLine/",
					"@executable_path/Pods-BarCodeDemo-Mac/",
					"@executable_path/Pods-BarCodeDemo-iOS/",
				);
				MARKETING_VERSION = 1.0;
				PRODUCT_BUNDLE_IDENTIFIER = "ayong.BarCodeDemo-iOS";
				PRODUCT_NAME = "$(TARGET_NAME)";
				SDKROOT = iphoneos;
				SWIFT_EMIT_LOC_STRINGS = YES;
				SWIFT_VERSION = 5.0;
				TARGETED_DEVICE_FAMILY = "1,2";
				VALIDATE_PRODUCT = YES;
			};
			name = Release;
		};
		C78BFAAA275BB2A100CA7F5B /* Debug */ = {
			isa = XCBuildConfiguration;
			baseConfigurationReference = 0D289A981EAC8863B85BE1FD /* Pods-BarCodeCommandLine.debug.xcconfig */;
			buildSettings = {
				CODE_SIGN_STYLE = Automatic;
				LD_RUNPATH_SEARCH_PATHS = (
					"$(inherited)",
					"@executable_path/../Frameworks",
					"@loader_path/Frameworks",
					"@executable_path/BarCode-9911e841/",
					"@executable_path/BarCode-aa0d81ae/",
					"@executable_path/BarCode-f47119f0/",
					"@executable_path/Pods-BarCodeCommandLine/",
					"@executable_path/Pods-BarCodeDemo-Mac/",
					"@executable_path/Pods-BarCodeDemo-iOS/",
				);
				MACOSX_DEPLOYMENT_TARGET = 11.3;
				PRODUCT_NAME = "$(TARGET_NAME)";
				SWIFT_VERSION = 5.0;
			};
			name = Debug;
		};
		C78BFAAB275BB2A100CA7F5B /* Release */ = {
			isa = XCBuildConfiguration;
			baseConfigurationReference = 916A8C560C199C29D4D5D174 /* Pods-BarCodeCommandLine.release.xcconfig */;
			buildSettings = {
				CODE_SIGN_STYLE = Automatic;
				LD_RUNPATH_SEARCH_PATHS = (
					"$(inherited)",
					"@executable_path/../Frameworks",
					"@loader_path/Frameworks",
					"@executable_path/BarCode-9911e841/",
					"@executable_path/BarCode-aa0d81ae/",
					"@executable_path/BarCode-f47119f0/",
					"@executable_path/Pods-BarCodeCommandLine/",
					"@executable_path/Pods-BarCodeDemo-Mac/",
					"@executable_path/Pods-BarCodeDemo-iOS/",
				);
				MACOSX_DEPLOYMENT_TARGET = 11.3;
				PRODUCT_NAME = "$(TARGET_NAME)";
				SWIFT_VERSION = 5.0;
			};
			name = Release;
		};
		C78BFABC275BB3D700CA7F5B /* Debug */ = {
			isa = XCBuildConfiguration;
			baseConfigurationReference = 2715F25935049BCF6892A536 /* Pods-BarCodeDemo-Mac.debug.xcconfig */;
			buildSettings = {
				ASSETCATALOG_COMPILER_APPICON_NAME = AppIcon;
				ASSETCATALOG_COMPILER_GLOBAL_ACCENT_COLOR_NAME = AccentColor;
				CODE_SIGN_ENTITLEMENTS = "BarCodeDemo-Mac/BarCodeDemo_Mac.entitlements";
				CODE_SIGN_STYLE = Automatic;
				COMBINE_HIDPI_IMAGES = YES;
				CURRENT_PROJECT_VERSION = 1;
				GENERATE_INFOPLIST_FILE = YES;
				INFOPLIST_KEY_NSHumanReadableCopyright = "";
				INFOPLIST_KEY_NSMainStoryboardFile = Main;
				INFOPLIST_KEY_NSPrincipalClass = NSApplication;
				LD_RUNPATH_SEARCH_PATHS = (
					"$(inherited)",
					"@executable_path/../Frameworks",
					"@loader_path/Frameworks",
					"@executable_path/BarCode-9911e841/",
					"@executable_path/BarCode-aa0d81ae/",
					"@executable_path/BarCode-f47119f0/",
					"@executable_path/Pods-BarCodeCommandLine/",
					"@executable_path/Pods-BarCodeDemo-Mac/",
					"@executable_path/Pods-BarCodeDemo-iOS/",
				);
				MACOSX_DEPLOYMENT_TARGET = 11.3;
				MARKETING_VERSION = 1.0;
				PRODUCT_BUNDLE_IDENTIFIER = "ayong.BarCodeDemo-Mac";
				PRODUCT_NAME = "$(TARGET_NAME)";
				SWIFT_EMIT_LOC_STRINGS = YES;
				SWIFT_VERSION = 5.0;
			};
			name = Debug;
		};
		C78BFABD275BB3D700CA7F5B /* Release */ = {
			isa = XCBuildConfiguration;
			baseConfigurationReference = 0538F76A7B23ECA12EFC1A47 /* Pods-BarCodeDemo-Mac.release.xcconfig */;
			buildSettings = {
				ASSETCATALOG_COMPILER_APPICON_NAME = AppIcon;
				ASSETCATALOG_COMPILER_GLOBAL_ACCENT_COLOR_NAME = AccentColor;
				CODE_SIGN_ENTITLEMENTS = "BarCodeDemo-Mac/BarCodeDemo_Mac.entitlements";
				CODE_SIGN_STYLE = Automatic;
				COMBINE_HIDPI_IMAGES = YES;
				CURRENT_PROJECT_VERSION = 1;
				GENERATE_INFOPLIST_FILE = YES;
				INFOPLIST_KEY_NSHumanReadableCopyright = "";
				INFOPLIST_KEY_NSMainStoryboardFile = Main;
				INFOPLIST_KEY_NSPrincipalClass = NSApplication;
				LD_RUNPATH_SEARCH_PATHS = (
					"$(inherited)",
					"@executable_path/../Frameworks",
					"@loader_path/Frameworks",
					"@executable_path/BarCode-9911e841/",
					"@executable_path/BarCode-aa0d81ae/",
					"@executable_path/BarCode-f47119f0/",
					"@executable_path/Pods-BarCodeCommandLine/",
					"@executable_path/Pods-BarCodeDemo-Mac/",
					"@executable_path/Pods-BarCodeDemo-iOS/",
				);
				MACOSX_DEPLOYMENT_TARGET = 11.3;
				MARKETING_VERSION = 1.0;
				PRODUCT_BUNDLE_IDENTIFIER = "ayong.BarCodeDemo-Mac";
				PRODUCT_NAME = "$(TARGET_NAME)";
				SWIFT_EMIT_LOC_STRINGS = YES;
				SWIFT_VERSION = 5.0;
			};
			name = Release;
		};
		CEC1DCA62741F2B800B6CAC4 /* Debug */ = {
			isa = XCBuildConfiguration;
			buildSettings = {
				ALWAYS_SEARCH_USER_PATHS = NO;
				CLANG_ANALYZER_NONNULL = YES;
				CLANG_ANALYZER_NUMBER_OBJECT_CONVERSION = YES_AGGRESSIVE;
				CLANG_CXX_LANGUAGE_STANDARD = "gnu++17";
				CLANG_CXX_LIBRARY = "libc++";
				CLANG_ENABLE_MODULES = YES;
				CLANG_ENABLE_OBJC_ARC = YES;
				CLANG_ENABLE_OBJC_WEAK = YES;
				CLANG_WARN_BLOCK_CAPTURE_AUTORELEASING = YES;
				CLANG_WARN_BOOL_CONVERSION = YES;
				CLANG_WARN_COMMA = YES;
				CLANG_WARN_CONSTANT_CONVERSION = YES;
				CLANG_WARN_DEPRECATED_OBJC_IMPLEMENTATIONS = YES;
				CLANG_WARN_DIRECT_OBJC_ISA_USAGE = YES_ERROR;
				CLANG_WARN_DOCUMENTATION_COMMENTS = YES;
				CLANG_WARN_EMPTY_BODY = YES;
				CLANG_WARN_ENUM_CONVERSION = YES;
				CLANG_WARN_INFINITE_RECURSION = YES;
				CLANG_WARN_INT_CONVERSION = YES;
				CLANG_WARN_NON_LITERAL_NULL_CONVERSION = YES;
				CLANG_WARN_OBJC_IMPLICIT_RETAIN_SELF = YES;
				CLANG_WARN_OBJC_LITERAL_CONVERSION = YES;
				CLANG_WARN_OBJC_ROOT_CLASS = YES_ERROR;
				CLANG_WARN_QUOTED_INCLUDE_IN_FRAMEWORK_HEADER = YES;
				CLANG_WARN_RANGE_LOOP_ANALYSIS = YES;
				CLANG_WARN_STRICT_PROTOTYPES = YES;
				CLANG_WARN_SUSPICIOUS_MOVE = YES;
				CLANG_WARN_UNGUARDED_AVAILABILITY = YES_AGGRESSIVE;
				CLANG_WARN_UNREACHABLE_CODE = YES;
				CLANG_WARN__DUPLICATE_METHOD_MATCH = YES;
				COPY_PHASE_STRIP = NO;
				DEBUG_INFORMATION_FORMAT = dwarf;
				ENABLE_STRICT_OBJC_MSGSEND = YES;
				ENABLE_TESTABILITY = YES;
				GCC_C_LANGUAGE_STANDARD = gnu11;
				GCC_DYNAMIC_NO_PIC = NO;
				GCC_NO_COMMON_BLOCKS = YES;
				GCC_OPTIMIZATION_LEVEL = 0;
				GCC_PREPROCESSOR_DEFINITIONS = (
					"DEBUG=1",
					"$(inherited)",
				);
				GCC_WARN_64_TO_32_BIT_CONVERSION = YES;
				GCC_WARN_ABOUT_RETURN_TYPE = YES_ERROR;
				GCC_WARN_UNDECLARED_SELECTOR = YES;
				GCC_WARN_UNINITIALIZED_AUTOS = YES_AGGRESSIVE;
				GCC_WARN_UNUSED_FUNCTION = YES;
				GCC_WARN_UNUSED_VARIABLE = YES;
				MACOSX_DEPLOYMENT_TARGET = 11.5;
				MTL_ENABLE_DEBUG_INFO = INCLUDE_SOURCE;
				MTL_FAST_MATH = YES;
				ONLY_ACTIVE_ARCH = YES;
				SDKROOT = macosx;
				SWIFT_ACTIVE_COMPILATION_CONDITIONS = DEBUG;
				SWIFT_OPTIMIZATION_LEVEL = "-Onone";
			};
			name = Debug;
		};
		CEC1DCA72741F2B800B6CAC4 /* Release */ = {
			isa = XCBuildConfiguration;
			buildSettings = {
				ALWAYS_SEARCH_USER_PATHS = NO;
				CLANG_ANALYZER_NONNULL = YES;
				CLANG_ANALYZER_NUMBER_OBJECT_CONVERSION = YES_AGGRESSIVE;
				CLANG_CXX_LANGUAGE_STANDARD = "gnu++17";
				CLANG_CXX_LIBRARY = "libc++";
				CLANG_ENABLE_MODULES = YES;
				CLANG_ENABLE_OBJC_ARC = YES;
				CLANG_ENABLE_OBJC_WEAK = YES;
				CLANG_WARN_BLOCK_CAPTURE_AUTORELEASING = YES;
				CLANG_WARN_BOOL_CONVERSION = YES;
				CLANG_WARN_COMMA = YES;
				CLANG_WARN_CONSTANT_CONVERSION = YES;
				CLANG_WARN_DEPRECATED_OBJC_IMPLEMENTATIONS = YES;
				CLANG_WARN_DIRECT_OBJC_ISA_USAGE = YES_ERROR;
				CLANG_WARN_DOCUMENTATION_COMMENTS = YES;
				CLANG_WARN_EMPTY_BODY = YES;
				CLANG_WARN_ENUM_CONVERSION = YES;
				CLANG_WARN_INFINITE_RECURSION = YES;
				CLANG_WARN_INT_CONVERSION = YES;
				CLANG_WARN_NON_LITERAL_NULL_CONVERSION = YES;
				CLANG_WARN_OBJC_IMPLICIT_RETAIN_SELF = YES;
				CLANG_WARN_OBJC_LITERAL_CONVERSION = YES;
				CLANG_WARN_OBJC_ROOT_CLASS = YES_ERROR;
				CLANG_WARN_QUOTED_INCLUDE_IN_FRAMEWORK_HEADER = YES;
				CLANG_WARN_RANGE_LOOP_ANALYSIS = YES;
				CLANG_WARN_STRICT_PROTOTYPES = YES;
				CLANG_WARN_SUSPICIOUS_MOVE = YES;
				CLANG_WARN_UNGUARDED_AVAILABILITY = YES_AGGRESSIVE;
				CLANG_WARN_UNREACHABLE_CODE = YES;
				CLANG_WARN__DUPLICATE_METHOD_MATCH = YES;
				COPY_PHASE_STRIP = NO;
				DEBUG_INFORMATION_FORMAT = "dwarf-with-dsym";
				ENABLE_NS_ASSERTIONS = NO;
				ENABLE_STRICT_OBJC_MSGSEND = YES;
				GCC_C_LANGUAGE_STANDARD = gnu11;
				GCC_NO_COMMON_BLOCKS = YES;
				GCC_WARN_64_TO_32_BIT_CONVERSION = YES;
				GCC_WARN_ABOUT_RETURN_TYPE = YES_ERROR;
				GCC_WARN_UNDECLARED_SELECTOR = YES;
				GCC_WARN_UNINITIALIZED_AUTOS = YES_AGGRESSIVE;
				GCC_WARN_UNUSED_FUNCTION = YES;
				GCC_WARN_UNUSED_VARIABLE = YES;
				MACOSX_DEPLOYMENT_TARGET = 11.5;
				MTL_ENABLE_DEBUG_INFO = NO;
				MTL_FAST_MATH = YES;
				SDKROOT = macosx;
				SWIFT_COMPILATION_MODE = wholemodule;
				SWIFT_OPTIMIZATION_LEVEL = "-O";
			};
			name = Release;
		};
/* End XCBuildConfiguration section */

/* Begin XCConfigurationList section */
		C74805EA275BAE7100740288 /* Build configuration list for PBXNativeTarget "BarCodeDemo-iOS" */ = {
			isa = XCConfigurationList;
			buildConfigurations = (
				C74805E8275BAE7100740288 /* Debug */,
				C74805E9275BAE7100740288 /* Release */,
			);
			defaultConfigurationIsVisible = 0;
			defaultConfigurationName = Release;
		};
		C78BFAA9275BB2A100CA7F5B /* Build configuration list for PBXNativeTarget "BarCodeCommandLine" */ = {
			isa = XCConfigurationList;
			buildConfigurations = (
				C78BFAAA275BB2A100CA7F5B /* Debug */,
				C78BFAAB275BB2A100CA7F5B /* Release */,
			);
			defaultConfigurationIsVisible = 0;
			defaultConfigurationName = Release;
		};
		C78BFABE275BB3D700CA7F5B /* Build configuration list for PBXNativeTarget "BarCodeDemo-Mac" */ = {
			isa = XCConfigurationList;
			buildConfigurations = (
				C78BFABC275BB3D700CA7F5B /* Debug */,
				C78BFABD275BB3D700CA7F5B /* Release */,
			);
			defaultConfigurationIsVisible = 0;
			defaultConfigurationName = Release;
		};
		CEC1DC9C2741F2B800B6CAC4 /* Build configuration list for PBXProject "BarCode" */ = {
			isa = XCConfigurationList;
			buildConfigurations = (
				CEC1DCA62741F2B800B6CAC4 /* Debug */,
				CEC1DCA72741F2B800B6CAC4 /* Release */,
			);
			defaultConfigurationIsVisible = 0;
			defaultConfigurationName = Release;
		};
/* End XCConfigurationList section */
	};
	rootObject = CEC1DC992741F2B800B6CAC4 /* Project object */;
}
